{
  "version": 4,
  "terraform_version": "1.2.7",
  "serial": 272,
  "lineage": "39d9bcf0-0933-7432-83ae-f50cec66d68b",
  "outputs": {
    "ALB": {
      "value": "pacpet1-lb-640822462.eu-west-2.elb.amazonaws.com",
      "type": "string"
    },
    "db-endpoint": {
      "value": "pacpet1-database.cdpxdqqj2pws.eu-west-2.rds.amazonaws.com:3306",
      "type": "string"
    },
    "nameserver": {
      "value": [
        "ns-1106.awsdns-10.org",
        "ns-1973.awsdns-54.co.uk",
        "ns-397.awsdns-49.com",
        "ns-515.awsdns-00.net"
      ],
      "type": [
        "list",
        "string"
      ]
    },
    "pacpet1_ansibleserver": {
      "value": "3.10.180.223",
      "type": "string"
    },
    "pacpet1_dockerserver": {
      "value": "13.40.166.253",
      "type": "string"
    },
    "pacpet1_jenkinsserver": {
      "value": "18.133.222.135",
      "type": "string"
    },
    "pacpet1_sonarqubeserver": {
      "value": "18.130.48.238",
      "type": "string"
    }
  },
  "resources": [
    {
      "mode": "data",
      "type": "aws_instance",
      "name": "pacpet1_dockerserver",
      "provider": "provider[\"registry.terraform.io/hashicorp/aws\"]",
      "instances": [
        {
          "schema_version": 0,
          "attributes": {
            "ami": "ami-03e5bf04af6d29553",
            "arn": "arn:aws:ec2:eu-west-2:646480871475:instance/i-024491657c26ea037",
            "associate_public_ip_address": true,
            "availability_zone": "eu-west-2a",
            "credit_specification": [
              {
                "cpu_credits": "standard"
              }
            ],
            "disable_api_stop": false,
            "disable_api_termination": false,
            "ebs_block_device": [],
            "ebs_optimized": false,
            "enclave_options": [
              {
                "enabled": false
              }
            ],
            "ephemeral_block_device": [],
            "filter": [
              {
                "name": "tag:Name",
                "values": [
                  "pacpet1_dockerserver"
                ]
              }
            ],
            "get_password_data": false,
            "get_user_data": false,
            "host_id": null,
            "host_resource_group_arn": null,
            "iam_instance_profile": "",
            "id": "i-024491657c26ea037",
            "instance_id": null,
            "instance_state": "running",
            "instance_tags": null,
            "instance_type": "t2.medium",
            "ipv6_addresses": [],
            "key_name": "pacpet1_pub_key",
            "maintenance_options": [
              {
                "auto_recovery": "default"
              }
            ],
            "metadata_options": [
              {
                "http_endpoint": "enabled",
                "http_put_response_hop_limit": 1,
                "http_tokens": "optional",
                "instance_metadata_tags": "disabled"
              }
            ],
            "monitoring": false,
            "network_interface_id": "eni-0ffc8ace5e4b91e65",
            "outpost_arn": "",
            "password_data": null,
            "placement_group": "",
            "placement_partition_number": null,
            "private_dns": "ip-10-0-1-113.eu-west-2.compute.internal",
            "private_dns_name_options": [
              {
                "enable_resource_name_dns_a_record": false,
                "enable_resource_name_dns_aaaa_record": false,
                "hostname_type": "ip-name"
              }
            ],
            "private_ip": "10.0.1.113",
            "public_dns": "",
            "public_ip": "13.40.166.253",
            "root_block_device": [
              {
                "delete_on_termination": true,
                "device_name": "/dev/sda1",
                "encrypted": false,
                "iops": 100,
                "kms_key_id": "",
                "tags": {},
                "throughput": 0,
                "volume_id": "vol-09f15645522e3882f",
                "volume_size": 10,
                "volume_type": "gp2"
              }
            ],
            "secondary_private_ips": [],
            "security_groups": [],
            "source_dest_check": true,
            "subnet_id": "subnet-0c393b7d786cdedf2",
            "tags": {
              "Name": "pacpet1_dockerserver"
            },
            "tenancy": "default",
            "timeouts": null,
            "user_data": "d782298de7ef3f6c8daa069bd39d3beb44256ad4",
            "user_data_base64": null,
            "vpc_security_group_ids": [
              "sg-0852dc75bc6ffbcc1"
            ]
          },
          "sensitive_attributes": []
        }
      ]
    },
    {
      "mode": "managed",
      "type": "aws_ami_from_instance",
      "name": "pacpet1_dockerserver_AMI",
      "provider": "provider[\"registry.terraform.io/hashicorp/aws\"]",
      "instances": [
        {
          "schema_version": 0,
          "attributes": {
            "architecture": "x86_64",
            "arn": "arn:aws:ec2:eu-west-2::image/ami-051e338cf12e2c22d",
            "boot_mode": "",
            "deprecation_time": "",
            "description": "",
            "ebs_block_device": [
              {
                "delete_on_termination": true,
                "device_name": "/dev/sda1",
                "encrypted": false,
                "iops": 0,
                "outpost_arn": "",
                "snapshot_id": "snap-037aa0d162655bab4",
                "throughput": 0,
                "volume_size": 10,
                "volume_type": "gp2"
              }
            ],
            "ena_support": true,
            "ephemeral_block_device": [],
            "hypervisor": "xen",
            "id": "ami-051e338cf12e2c22d",
            "image_location": "646480871475/pacpet1_dockerserver_AMI",
            "image_owner_alias": "",
            "image_type": "machine",
            "kernel_id": "",
            "manage_ebs_snapshots": true,
            "name": "pacpet1_dockerserver_AMI",
            "owner_id": "646480871475",
            "platform": "",
            "platform_details": "Red Hat Enterprise Linux",
            "public": false,
            "ramdisk_id": "",
            "root_device_name": "/dev/sda1",
            "root_snapshot_id": "snap-037aa0d162655bab4",
            "snapshot_without_reboot": null,
            "source_instance_id": "i-024491657c26ea037",
            "sriov_net_support": "simple",
            "tags": {
              "name": "pacpet1_dockerserver_AMI"
            },
            "tags_all": {
              "name": "pacpet1_dockerserver_AMI"
            },
            "timeouts": null,
            "tpm_support": "",
            "usage_operation": "RunInstances:0010",
            "virtualization_type": "hvm"
          },
          "sensitive_attributes": [],
          "private": "eyJlMmJmYjczMC1lY2FhLTExZTYtOGY4OC0zNDM2M2JjN2M0YzAiOnsiY3JlYXRlIjoyNDAwMDAwMDAwMDAwLCJkZWxldGUiOjU0MDAwMDAwMDAwMDAsInVwZGF0ZSI6MjQwMDAwMDAwMDAwMH19",
          "dependencies": [
            "aws_instance.pacpet1_dockerserver",
            "aws_key_pair.pacpet1_pub_key",
            "aws_security_group.pacpet1_docker_sg",
            "aws_subnet.pacpet1_pubsn_01",
            "aws_vpc.pacpet1_vpc",
            "data.aws_instance.pacpet1_dockerserver",
            "tls_private_key.pacpet1_key"
          ]
        }
      ]
    },
    {
      "mode": "managed",
      "type": "aws_autoscaling_group",
      "name": "pacpet1-asg",
      "provider": "provider[\"registry.terraform.io/hashicorp/aws\"]",
      "instances": [
        {
          "schema_version": 0,
          "attributes": {
            "arn": "arn:aws:autoscaling:eu-west-2:646480871475:autoScalingGroup:8d9b3a9d-7459-4996-a42e-d62a51684950:autoScalingGroupName/pacpet1-asg",
            "availability_zones": [
              "eu-west-2a",
              "eu-west-2b"
            ],
            "capacity_rebalance": false,
            "context": "",
            "default_cooldown": 60,
            "default_instance_warmup": 0,
            "desired_capacity": 2,
            "enabled_metrics": null,
            "force_delete": true,
            "force_delete_warm_pool": false,
            "health_check_grace_period": 300,
            "health_check_type": "EC2",
            "id": "pacpet1-asg",
            "initial_lifecycle_hook": [],
            "instance_refresh": [],
            "launch_configuration": "pacpet1-lc20221013225346665000000001",
            "launch_template": [],
            "load_balancers": null,
            "max_instance_lifetime": 0,
            "max_size": 4,
            "metrics_granularity": "1Minute",
            "min_elb_capacity": null,
            "min_size": 2,
            "mixed_instances_policy": [],
            "name": "pacpet1-asg",
            "name_prefix": "",
            "placement_group": "",
            "protect_from_scale_in": false,
            "service_linked_role_arn": "arn:aws:iam::646480871475:role/aws-service-role/autoscaling.amazonaws.com/AWSServiceRoleForAutoScaling",
            "suspended_processes": null,
            "tag": [
              {
                "key": "Name",
                "propagate_at_launch": true,
                "value": "pacpet1-asg"
              }
            ],
            "tags": null,
            "target_group_arns": [
              "arn:aws:elasticloadbalancing:eu-west-2:646480871475:targetgroup/pacpet1-tg/884e57ccfa19ea3d"
            ],
            "termination_policies": null,
            "timeouts": null,
            "vpc_zone_identifier": [
              "subnet-0ab6061eb8a2172e3",
              "subnet-0c393b7d786cdedf2"
            ],
            "wait_for_capacity_timeout": "10m",
            "wait_for_elb_capacity": null,
            "warm_pool": []
          },
          "sensitive_attributes": [],
          "private": "eyJlMmJmYjczMC1lY2FhLTExZTYtOGY4OC0zNDM2M2JjN2M0YzAiOnsiZGVsZXRlIjo2MDAwMDAwMDAwMDAsInVwZGF0ZSI6NjAwMDAwMDAwMDAwfX0=",
          "dependencies": [
            "aws_ami_from_instance.pacpet1_dockerserver_AMI",
            "aws_key_pair.pacpet1_pub_key",
            "aws_launch_configuration.pacpet1-lc",
            "aws_lb_target_group.pacpet1-tg",
            "aws_security_group.pacpet1_docker_sg",
            "aws_subnet.pacpet1_pubsn_01",
            "aws_subnet.pacpet1_pubsn_02"
          ]
        }
      ]
    },
    {
      "mode": "managed",
      "type": "aws_autoscaling_policy",
      "name": "pacpet1-asg-pol",
      "provider": "provider[\"registry.terraform.io/hashicorp/aws\"]",
      "instances": [
        {
          "schema_version": 0,
          "attributes": {
            "adjustment_type": "",
            "arn": "arn:aws:autoscaling:eu-west-2:646480871475:scalingPolicy:589ae769-a84c-49bc-9fc7-1d7e2a321273:autoScalingGroupName/pacpet1-asg:policyName/pacpet1-asg-pol",
            "autoscaling_group_name": "pacpet1-asg",
            "cooldown": 0,
            "enabled": true,
            "estimated_instance_warmup": 0,
            "id": "pacpet1-asg-pol",
            "metric_aggregation_type": "",
            "min_adjustment_magnitude": null,
            "name": "pacpet1-asg-pol",
            "policy_type": "TargetTrackingScaling",
            "predictive_scaling_configuration": [],
            "scaling_adjustment": 0,
            "step_adjustment": [],
            "target_tracking_configuration": [
              {
                "customized_metric_specification": [],
                "disable_scale_in": false,
                "predefined_metric_specification": [
                  {
                    "predefined_metric_type": "ASGAverageCPUUtilization",
                    "resource_label": ""
                  }
                ],
                "target_value": 60
              }
            ]
          },
          "sensitive_attributes": [],
          "private": "bnVsbA==",
          "dependencies": [
            "aws_ami_from_instance.pacpet1_dockerserver_AMI",
            "aws_autoscaling_group.pacpet1-asg",
            "aws_key_pair.pacpet1_pub_key",
            "aws_launch_configuration.pacpet1-lc",
            "aws_lb_target_group.pacpet1-tg",
            "aws_security_group.pacpet1_docker_sg",
            "aws_subnet.pacpet1_pubsn_01",
            "aws_subnet.pacpet1_pubsn_02"
          ]
        }
      ]
    },
    {
      "mode": "managed",
      "type": "aws_db_instance",
      "name": "pacpet1-rds",
      "provider": "provider[\"registry.terraform.io/hashicorp/aws\"]",
      "instances": [
        {
          "schema_version": 1,
          "attributes": {
            "address": "pacpet1-database.cdpxdqqj2pws.eu-west-2.rds.amazonaws.com",
            "allocated_storage": 20,
            "allow_major_version_upgrade": null,
            "apply_immediately": null,
            "arn": "arn:aws:rds:eu-west-2:646480871475:db:pacpet1-database",
            "auto_minor_version_upgrade": true,
            "availability_zone": "eu-west-2b",
            "backup_retention_period": 0,
            "backup_window": "00:06-00:36",
            "ca_cert_identifier": "rds-ca-2019",
            "character_set_name": "",
            "copy_tags_to_snapshot": false,
            "custom_iam_instance_profile": "",
            "customer_owned_ip_enabled": false,
            "db_name": "test",
            "db_subnet_group_name": "pacpet1_sn_group",
            "delete_automated_backups": true,
            "deletion_protection": false,
            "domain": "",
            "domain_iam_role_name": "",
            "enabled_cloudwatch_logs_exports": [],
            "endpoint": "pacpet1-database.cdpxdqqj2pws.eu-west-2.rds.amazonaws.com:3306",
            "engine": "mysql",
            "engine_version": "8.0",
            "engine_version_actual": "8.0.28",
            "final_snapshot_identifier": null,
            "hosted_zone_id": "Z1TTGA775OQIYO",
            "iam_database_authentication_enabled": false,
            "id": "pacpet1-database",
            "identifier": "pacpet1-database",
            "identifier_prefix": "",
            "instance_class": "db.t2.micro",
            "iops": 0,
            "kms_key_id": "",
            "latest_restorable_time": "",
            "license_model": "general-public-license",
            "maintenance_window": "thu:04:07-thu:04:37",
            "max_allocated_storage": 0,
            "monitoring_interval": 0,
            "monitoring_role_arn": "",
            "multi_az": true,
            "name": "test",
            "nchar_character_set_name": "",
            "network_type": "IPV4",
            "option_group_name": "default:mysql-8-0",
            "parameter_group_name": "default.mysql8.0",
            "password": "Uy\u003eHBBq}}j+_0[HQ",
            "performance_insights_enabled": false,
            "performance_insights_kms_key_id": "",
            "performance_insights_retention_period": 0,
            "port": 3306,
            "publicly_accessible": false,
            "replica_mode": "",
            "replicas": [],
            "replicate_source_db": "",
            "resource_id": "db-265NZ3YQNVKIXAT2CHOMWYQXFM",
            "restore_to_point_in_time": [],
            "s3_import": [],
            "security_group_names": [],
            "skip_final_snapshot": true,
            "snapshot_identifier": null,
            "status": "available",
            "storage_encrypted": false,
            "storage_type": "gp2",
            "tags": {},
            "tags_all": {},
            "timeouts": null,
            "timezone": "",
            "username": "jLpiTyyc",
            "vpc_security_group_ids": [
              "sg-05f25da39610f9d75"
            ]
          },
          "sensitive_attributes": [
            [
              {
                "type": "get_attr",
                "value": "password"
              }
            ]
          ],
          "private": "eyJlMmJmYjczMC1lY2FhLTExZTYtOGY4OC0zNDM2M2JjN2M0YzAiOnsiY3JlYXRlIjoyNDAwMDAwMDAwMDAwLCJkZWxldGUiOjM2MDAwMDAwMDAwMDAsInVwZGF0ZSI6NDgwMDAwMDAwMDAwMH0sInNjaGVtYV92ZXJzaW9uIjoiMSJ9",
          "dependencies": [
            "aws_db_subnet_group.pacpet1_sn_group",
            "aws_security_group.pacpet1_mysql_sg",
            "aws_subnet.pacpet1_prvsn_01",
            "aws_subnet.pacpet1_prvsn_02",
            "aws_vpc.pacpet1_vpc",
            "random_id.db_username",
            "random_password.db_password"
          ]
        }
      ]
    },
    {
      "mode": "managed",
      "type": "aws_db_subnet_group",
      "name": "pacpet1_sn_group",
      "provider": "provider[\"registry.terraform.io/hashicorp/aws\"]",
      "instances": [
        {
          "schema_version": 0,
          "attributes": {
            "arn": "arn:aws:rds:eu-west-2:646480871475:subgrp:pacpet1_sn_group",
            "description": "Managed by Terraform",
            "id": "pacpet1_sn_group",
            "name": "pacpet1_sn_group",
            "name_prefix": "",
            "subnet_ids": [
              "subnet-0484568aab65fd03a",
              "subnet-0e36c10ea68e4f870"
            ],
            "supported_network_types": [
              "IPV4"
            ],
            "tags": {
              "Name": "pacpet1_sn_group"
            },
            "tags_all": {
              "Name": "pacpet1_sn_group"
            }
          },
          "sensitive_attributes": [],
          "private": "bnVsbA==",
          "dependencies": [
            "aws_subnet.pacpet1_prvsn_01",
            "aws_subnet.pacpet1_prvsn_02",
            "aws_vpc.pacpet1_vpc"
          ]
        }
      ]
    },
    {
      "mode": "managed",
      "type": "aws_eip",
      "name": "pacpet1_nat_eip",
      "provider": "provider[\"registry.terraform.io/hashicorp/aws\"]",
      "instances": [
        {
          "schema_version": 0,
          "attributes": {
            "address": null,
            "allocation_id": "eipalloc-0b5e6dd7f423dd289",
            "associate_with_private_ip": null,
            "association_id": "eipassoc-0f4de61867c974f80",
            "carrier_ip": "",
            "customer_owned_ip": "",
            "customer_owned_ipv4_pool": "",
            "domain": "vpc",
            "id": "eipalloc-0b5e6dd7f423dd289",
            "instance": "",
            "network_border_group": "eu-west-2",
            "network_interface": "eni-09b561ea77065990d",
            "private_dns": "ip-10-0-1-17.eu-west-2.compute.internal",
            "private_ip": "10.0.1.17",
            "public_dns": "ec2-18-168-189-24.eu-west-2.compute.amazonaws.com",
            "public_ip": "18.168.189.24",
            "public_ipv4_pool": "amazon",
            "tags": {
              "Name": "pacpet1_nat_eip"
            },
            "tags_all": {
              "Name": "pacpet1_nat_eip"
            },
            "timeouts": null,
            "vpc": true
          },
          "sensitive_attributes": [],
          "private": "eyJlMmJmYjczMC1lY2FhLTExZTYtOGY4OC0zNDM2M2JjN2M0YzAiOnsiZGVsZXRlIjoxODAwMDAwMDAwMDAsInJlYWQiOjkwMDAwMDAwMDAwMCwidXBkYXRlIjozMDAwMDAwMDAwMDB9fQ=="
        }
      ]
    },
    {
      "mode": "managed",
      "type": "aws_instance",
      "name": "Sonarqube_Server",
      "provider": "provider[\"registry.terraform.io/hashicorp/aws\"]",
      "instances": [
        {
          "schema_version": 1,
          "attributes": {
            "ami": "ami-0fb391cce7a602d1f",
            "arn": "arn:aws:ec2:eu-west-2:646480871475:instance/i-074f207eff6ecbc88",
            "associate_public_ip_address": true,
            "availability_zone": "eu-west-2a",
            "capacity_reservation_specification": [
              {
                "capacity_reservation_preference": "open",
                "capacity_reservation_target": []
              }
            ],
            "cpu_core_count": 2,
            "cpu_threads_per_core": 1,
            "credit_specification": [
              {
                "cpu_credits": "standard"
              }
            ],
            "disable_api_stop": false,
            "disable_api_termination": false,
            "ebs_block_device": [],
            "ebs_optimized": false,
            "enclave_options": [
              {
                "enabled": false
              }
            ],
            "ephemeral_block_device": [],
            "get_password_data": false,
            "hibernation": false,
            "host_id": null,
            "host_resource_group_arn": null,
            "iam_instance_profile": "",
            "id": "i-074f207eff6ecbc88",
            "instance_initiated_shutdown_behavior": "stop",
            "instance_state": "running",
            "instance_type": "t2.medium",
            "ipv6_address_count": 0,
            "ipv6_addresses": [],
            "key_name": "pacpet1_pub_key",
            "launch_template": [],
            "maintenance_options": [
              {
                "auto_recovery": "default"
              }
            ],
            "metadata_options": [
              {
                "http_endpoint": "enabled",
                "http_put_response_hop_limit": 1,
                "http_tokens": "optional",
                "instance_metadata_tags": "disabled"
              }
            ],
            "monitoring": false,
            "network_interface": [],
            "outpost_arn": "",
            "password_data": "",
            "placement_group": "",
            "placement_partition_number": null,
            "primary_network_interface_id": "eni-0bf41c2ef8e470a99",
            "private_dns": "ip-10-0-1-111.eu-west-2.compute.internal",
            "private_dns_name_options": [
              {
                "enable_resource_name_dns_a_record": false,
                "enable_resource_name_dns_aaaa_record": false,
                "hostname_type": "ip-name"
              }
            ],
            "private_ip": "10.0.1.111",
            "public_dns": "",
            "public_ip": "18.130.48.238",
            "root_block_device": [
              {
                "delete_on_termination": true,
                "device_name": "/dev/sda1",
                "encrypted": false,
                "iops": 100,
                "kms_key_id": "",
                "tags": {},
                "throughput": 0,
                "volume_id": "vol-08f0edbb00d9fe8ad",
                "volume_size": 8,
                "volume_type": "gp2"
              }
            ],
            "secondary_private_ips": [],
            "security_groups": [],
            "source_dest_check": true,
            "subnet_id": "subnet-0c393b7d786cdedf2",
            "tags": {
              "Name": "Sonarqube_Server"
            },
            "tags_all": {
              "Name": "Sonarqube_Server"
            },
            "tenancy": "default",
            "timeouts": null,
            "user_data": "99114d531da7fb511b5ee7a9f9d1cdbf97c52642",
            "user_data_base64": null,
            "user_data_replace_on_change": false,
            "volume_tags": null,
            "vpc_security_group_ids": [
              "sg-0254905626743150b"
            ]
          },
          "sensitive_attributes": [],
          "private": "eyJlMmJmYjczMC1lY2FhLTExZTYtOGY4OC0zNDM2M2JjN2M0YzAiOnsiY3JlYXRlIjo2MDAwMDAwMDAwMDAsImRlbGV0ZSI6MTIwMDAwMDAwMDAwMCwidXBkYXRlIjo2MDAwMDAwMDAwMDB9LCJzY2hlbWFfdmVyc2lvbiI6IjEifQ==",
          "dependencies": [
            "aws_key_pair.pacpet1_pub_key",
            "aws_security_group.pacpet1_sq_sg",
            "aws_subnet.pacpet1_pubsn_01",
            "aws_vpc.pacpet1_vpc",
            "tls_private_key.pacpet1_key"
          ]
        }
      ]
    },
    {
      "mode": "managed",
      "type": "aws_instance",
      "name": "pacpet1-ansible-server",
      "provider": "provider[\"registry.terraform.io/hashicorp/aws\"]",
      "instances": [
        {
          "schema_version": 1,
          "attributes": {
            "ami": "ami-035c5dc086849b5de",
            "arn": "arn:aws:ec2:eu-west-2:646480871475:instance/i-012a72b9db33d6787",
            "associate_public_ip_address": true,
            "availability_zone": "eu-west-2a",
            "capacity_reservation_specification": [
              {
                "capacity_reservation_preference": "open",
                "capacity_reservation_target": []
              }
            ],
            "cpu_core_count": 2,
            "cpu_threads_per_core": 1,
            "credit_specification": [
              {
                "cpu_credits": "standard"
              }
            ],
            "disable_api_stop": false,
            "disable_api_termination": false,
            "ebs_block_device": [],
            "ebs_optimized": false,
            "enclave_options": [
              {
                "enabled": false
              }
            ],
            "ephemeral_block_device": [],
            "get_password_data": false,
            "hibernation": false,
            "host_id": null,
            "host_resource_group_arn": null,
            "iam_instance_profile": "",
            "id": "i-012a72b9db33d6787",
            "instance_initiated_shutdown_behavior": "stop",
            "instance_state": "running",
            "instance_type": "t2.medium",
            "ipv6_address_count": 0,
            "ipv6_addresses": [],
            "key_name": "pacpet1_pub_key",
            "launch_template": [],
            "maintenance_options": [
              {
                "auto_recovery": "default"
              }
            ],
            "metadata_options": [
              {
                "http_endpoint": "enabled",
                "http_put_response_hop_limit": 1,
                "http_tokens": "optional",
                "instance_metadata_tags": "disabled"
              }
            ],
            "monitoring": false,
            "network_interface": [],
            "outpost_arn": "",
            "password_data": "",
            "placement_group": "",
            "placement_partition_number": null,
            "primary_network_interface_id": "eni-0781390f383c38b97",
            "private_dns": "ip-10-0-1-242.eu-west-2.compute.internal",
            "private_dns_name_options": [
              {
                "enable_resource_name_dns_a_record": false,
                "enable_resource_name_dns_aaaa_record": false,
                "hostname_type": "ip-name"
              }
            ],
            "private_ip": "10.0.1.242",
            "public_dns": "",
            "public_ip": "3.10.180.223",
            "root_block_device": [
              {
                "delete_on_termination": true,
                "device_name": "/dev/sda1",
                "encrypted": false,
                "iops": 100,
                "kms_key_id": "",
                "tags": {},
                "throughput": 0,
                "volume_id": "vol-0b8331edbc3f209ae",
                "volume_size": 10,
                "volume_type": "gp2"
              }
            ],
            "secondary_private_ips": [],
            "security_groups": [],
            "source_dest_check": true,
            "subnet_id": "subnet-0c393b7d786cdedf2",
            "tags": {
              "Name": "pacpet1-ansible-server"
            },
            "tags_all": {
              "Name": "pacpet1-ansible-server"
            },
            "tenancy": "default",
            "timeouts": null,
            "user_data": "1a4612da5ccd0e4118b5e3155c3fdc97b85ff66c",
            "user_data_base64": null,
            "user_data_replace_on_change": true,
            "volume_tags": null,
            "vpc_security_group_ids": [
              "sg-03f42be572abb129f"
            ]
          },
          "sensitive_attributes": [
            [
              {
                "type": "get_attr",
                "value": "user_data"
              }
            ]
          ],
          "private": "eyJlMmJmYjczMC1lY2FhLTExZTYtOGY4OC0zNDM2M2JjN2M0YzAiOnsiY3JlYXRlIjo2MDAwMDAwMDAwMDAsImRlbGV0ZSI6MTIwMDAwMDAwMDAwMCwidXBkYXRlIjo2MDAwMDAwMDAwMDB9LCJzY2hlbWFfdmVyc2lvbiI6IjEifQ==",
          "dependencies": [
            "aws_instance.pacpet1_dockerserver",
            "aws_key_pair.pacpet1_pub_key",
            "aws_security_group.pacpet1_ansible_sg",
            "aws_security_group.pacpet1_docker_sg",
            "aws_subnet.pacpet1_pubsn_01",
            "aws_vpc.pacpet1_vpc",
            "tls_private_key.pacpet1_key"
          ]
        }
      ]
    },
    {
      "mode": "managed",
      "type": "aws_instance",
      "name": "pacpet1_Jenkins_Host",
      "provider": "provider[\"registry.terraform.io/hashicorp/aws\"]",
      "instances": [
        {
          "schema_version": 1,
          "attributes": {
            "ami": "ami-035c5dc086849b5de",
            "arn": "arn:aws:ec2:eu-west-2:646480871475:instance/i-0d4e0e564ac64284e",
            "associate_public_ip_address": true,
            "availability_zone": "eu-west-2a",
            "capacity_reservation_specification": [
              {
                "capacity_reservation_preference": "open",
                "capacity_reservation_target": []
              }
            ],
            "cpu_core_count": 2,
            "cpu_threads_per_core": 1,
            "credit_specification": [
              {
                "cpu_credits": "standard"
              }
            ],
            "disable_api_stop": false,
            "disable_api_termination": false,
            "ebs_block_device": [],
            "ebs_optimized": false,
            "enclave_options": [
              {
                "enabled": false
              }
            ],
            "ephemeral_block_device": [],
            "get_password_data": false,
            "hibernation": false,
            "host_id": null,
            "host_resource_group_arn": null,
            "iam_instance_profile": "",
            "id": "i-0d4e0e564ac64284e",
            "instance_initiated_shutdown_behavior": "stop",
            "instance_state": "running",
            "instance_type": "t2.medium",
            "ipv6_address_count": 0,
            "ipv6_addresses": [],
            "key_name": "pacpet1_pub_key",
            "launch_template": [],
            "maintenance_options": [
              {
                "auto_recovery": "default"
              }
            ],
            "metadata_options": [
              {
                "http_endpoint": "enabled",
                "http_put_response_hop_limit": 1,
                "http_tokens": "optional",
                "instance_metadata_tags": "disabled"
              }
            ],
            "monitoring": false,
            "network_interface": [],
            "outpost_arn": "",
            "password_data": "",
            "placement_group": "",
            "placement_partition_number": null,
            "primary_network_interface_id": "eni-028d4f9cbdec05f22",
            "private_dns": "ip-10-0-1-29.eu-west-2.compute.internal",
            "private_dns_name_options": [
              {
                "enable_resource_name_dns_a_record": false,
                "enable_resource_name_dns_aaaa_record": false,
                "hostname_type": "ip-name"
              }
            ],
            "private_ip": "10.0.1.29",
            "public_dns": "",
            "public_ip": "18.133.222.135",
            "root_block_device": [
              {
                "delete_on_termination": true,
                "device_name": "/dev/sda1",
                "encrypted": false,
                "iops": 100,
                "kms_key_id": "",
                "tags": {},
                "throughput": 0,
                "volume_id": "vol-0edf7fea94087c394",
                "volume_size": 10,
                "volume_type": "gp2"
              }
            ],
            "secondary_private_ips": [],
            "security_groups": [],
            "source_dest_check": true,
            "subnet_id": "subnet-0c393b7d786cdedf2",
            "tags": {
              "Name": "pacpet1_Jenkins_Host"
            },
            "tags_all": {
              "Name": "pacpet1_Jenkins_Host"
            },
            "tenancy": "default",
            "timeouts": null,
            "user_data": "c5560ab3b7b830ce40ce077c9f2aba2888bcce49",
            "user_data_base64": null,
            "user_data_replace_on_change": false,
            "volume_tags": null,
            "vpc_security_group_ids": [
              "sg-0ae9819c9b656a4b2"
            ]
          },
          "sensitive_attributes": [
            [
              {
                "type": "get_attr",
                "value": "user_data"
              }
            ]
          ],
          "private": "eyJlMmJmYjczMC1lY2FhLTExZTYtOGY4OC0zNDM2M2JjN2M0YzAiOnsiY3JlYXRlIjo2MDAwMDAwMDAwMDAsImRlbGV0ZSI6MTIwMDAwMDAwMDAwMCwidXBkYXRlIjo2MDAwMDAwMDAwMDB9LCJzY2hlbWFfdmVyc2lvbiI6IjEifQ==",
          "dependencies": [
            "aws_key_pair.pacpet1_pub_key",
            "aws_security_group.pacpet1_jenkins_sg",
            "aws_subnet.pacpet1_pubsn_01",
            "aws_vpc.pacpet1_vpc",
            "tls_private_key.pacpet1_key"
          ]
        }
      ]
    },
    {
      "mode": "managed",
      "type": "aws_instance",
      "name": "pacpet1_dockerserver",
      "provider": "provider[\"registry.terraform.io/hashicorp/aws\"]",
      "instances": [
        {
          "schema_version": 1,
          "attributes": {
            "ami": "ami-03e5bf04af6d29553",
            "arn": "arn:aws:ec2:eu-west-2:646480871475:instance/i-024491657c26ea037",
            "associate_public_ip_address": true,
            "availability_zone": "eu-west-2a",
            "capacity_reservation_specification": [
              {
                "capacity_reservation_preference": "open",
                "capacity_reservation_target": []
              }
            ],
            "cpu_core_count": 2,
            "cpu_threads_per_core": 1,
            "credit_specification": [
              {
                "cpu_credits": "standard"
              }
            ],
            "disable_api_stop": false,
            "disable_api_termination": false,
            "ebs_block_device": [],
            "ebs_optimized": false,
            "enclave_options": [
              {
                "enabled": false
              }
            ],
            "ephemeral_block_device": [],
            "get_password_data": false,
            "hibernation": false,
            "host_id": null,
            "host_resource_group_arn": null,
            "iam_instance_profile": "",
            "id": "i-024491657c26ea037",
            "instance_initiated_shutdown_behavior": "stop",
            "instance_state": "running",
            "instance_type": "t2.medium",
            "ipv6_address_count": 0,
            "ipv6_addresses": [],
            "key_name": "pacpet1_pub_key",
            "launch_template": [],
            "maintenance_options": [
              {
                "auto_recovery": "default"
              }
            ],
            "metadata_options": [
              {
                "http_endpoint": "enabled",
                "http_put_response_hop_limit": 1,
                "http_tokens": "optional",
                "instance_metadata_tags": "disabled"
              }
            ],
            "monitoring": false,
            "network_interface": [],
            "outpost_arn": "",
            "password_data": "",
            "placement_group": "",
            "placement_partition_number": null,
            "primary_network_interface_id": "eni-0ffc8ace5e4b91e65",
            "private_dns": "ip-10-0-1-113.eu-west-2.compute.internal",
            "private_dns_name_options": [
              {
                "enable_resource_name_dns_a_record": false,
                "enable_resource_name_dns_aaaa_record": false,
                "hostname_type": "ip-name"
              }
            ],
            "private_ip": "10.0.1.113",
            "public_dns": "",
            "public_ip": "13.40.166.253",
            "root_block_device": [
              {
                "delete_on_termination": true,
                "device_name": "/dev/sda1",
                "encrypted": false,
                "iops": 100,
                "kms_key_id": "",
                "tags": {},
                "throughput": 0,
                "volume_id": "vol-09f15645522e3882f",
                "volume_size": 10,
                "volume_type": "gp2"
              }
            ],
            "secondary_private_ips": [],
            "security_groups": [],
            "source_dest_check": true,
            "subnet_id": "subnet-0c393b7d786cdedf2",
            "tags": {
              "Name": "pacpet1_dockerserver"
            },
            "tags_all": {
              "Name": "pacpet1_dockerserver"
            },
            "tenancy": "default",
            "timeouts": null,
            "user_data": "d782298de7ef3f6c8daa069bd39d3beb44256ad4",
            "user_data_base64": null,
            "user_data_replace_on_change": false,
            "volume_tags": null,
            "vpc_security_group_ids": [
              "sg-0852dc75bc6ffbcc1"
            ]
          },
          "sensitive_attributes": [],
          "private": "eyJlMmJmYjczMC1lY2FhLTExZTYtOGY4OC0zNDM2M2JjN2M0YzAiOnsiY3JlYXRlIjo2MDAwMDAwMDAwMDAsImRlbGV0ZSI6MTIwMDAwMDAwMDAwMCwidXBkYXRlIjo2MDAwMDAwMDAwMDB9LCJzY2hlbWFfdmVyc2lvbiI6IjEifQ==",
          "dependencies": [
            "aws_key_pair.pacpet1_pub_key",
            "aws_security_group.pacpet1_docker_sg",
            "aws_subnet.pacpet1_pubsn_01",
            "aws_vpc.pacpet1_vpc",
            "tls_private_key.pacpet1_key"
          ]
        }
      ]
    },
    {
      "mode": "managed",
      "type": "aws_internet_gateway",
      "name": "pacpet1_igw",
      "provider": "provider[\"registry.terraform.io/hashicorp/aws\"]",
      "instances": [
        {
          "schema_version": 0,
          "attributes": {
            "arn": "arn:aws:ec2:eu-west-2:646480871475:internet-gateway/igw-0d528423a7c96a715",
            "id": "igw-0d528423a7c96a715",
            "owner_id": "646480871475",
            "tags": {
              "Name": "pacpet1_igw"
            },
            "tags_all": {
              "Name": "pacpet1_igw"
            },
            "timeouts": null,
            "vpc_id": "vpc-0dc82c305964ba657"
          },
          "sensitive_attributes": [],
          "private": "eyJlMmJmYjczMC1lY2FhLTExZTYtOGY4OC0zNDM2M2JjN2M0YzAiOnsiY3JlYXRlIjoxMjAwMDAwMDAwMDAwLCJkZWxldGUiOjEyMDAwMDAwMDAwMDAsInVwZGF0ZSI6MTIwMDAwMDAwMDAwMH19",
          "dependencies": [
            "aws_vpc.pacpet1_vpc"
          ]
        }
      ]
    },
    {
      "mode": "managed",
      "type": "aws_key_pair",
      "name": "pacpet1_pub_key",
      "provider": "provider[\"registry.terraform.io/hashicorp/aws\"]",
      "instances": [
        {
          "schema_version": 1,
          "attributes": {
            "arn": "arn:aws:ec2:eu-west-2:646480871475:key-pair/pacpet1_pub_key",
            "fingerprint": "09:8d:8b:fc:0a:c1:b9:5b:88:6c:22:a8:23:ab:6e:43",
            "id": "pacpet1_pub_key",
            "key_name": "pacpet1_pub_key",
            "key_name_prefix": "",
            "key_pair_id": "key-0296bcc598fbd846f",
            "key_type": "rsa",
            "public_key": "ssh-rsa AAAAB3NzaC1yc2EAAAADAQABAAACAQDKHeNLPUxcAemF7KRlDBmHFptO/XXWOLsszMvy0MVkDhY9/WZ0sEgvOKjOBcu9JFiJoJ/zDLoVOleiw6Q0AiZ7cfrWgklNlWORvli5JwBUpaZa/xJZ2u1+TaWtwsvan8A2iTc6tqj115FzukZ1usJ4hk2B/tgvEUhsm8R8ehIT8BeAQnBQK4agu7ayii9iq2QQcC7C/CQQiwBCBdZWIpsC+C2Cz3M4/nsU1hnt2dMoQ9itxT48K3M/qp+D8OvY75sxikX8gpSNn+OSbyebWaC+96msQQ4D/DC8000L6J+Uz8HaKb3oZH6HVQrCsOS5ECH0u67XvBd9Rkk+W0DiNqZHGcq0oU+o7SX3LjQ4Un8/W6HTjjT+Rk7spZtyiglxSnjdJWdGlocI8IC5t+VoUTiyVQkrHhODhnFZ3onraCtPcbHD5mfpS41VHHz4Io2w2/vpybXayxcppJ073GR2UJzQTUA2z7n+MiS0A78YxyU/aO5KXDf/eurXKrqx4GSg2RJ50MGQaAzlINzY1KTwJ0TSegZUrG9J4oQOlJL8XZM9dUDHEugpP3jfrDv68foNl9BHCXcChNicszxEfalFVkome2GctwJv662wSTkCTho7wpYXr4yaQGGY1/kMX3fUnRqNlAFxblnaXMcVjfpuUtB99Cbzuyv1EbtS4Sn+FujP9w==",
            "tags": {},
            "tags_all": {}
          },
          "sensitive_attributes": [],
          "private": "eyJzY2hlbWFfdmVyc2lvbiI6IjEifQ==",
          "dependencies": [
            "tls_private_key.pacpet1_key"
          ]
        }
      ]
    },
    {
      "mode": "managed",
      "type": "aws_launch_configuration",
      "name": "pacpet1-lc",
      "provider": "provider[\"registry.terraform.io/hashicorp/aws\"]",
      "instances": [
        {
          "schema_version": 0,
          "attributes": {
            "arn": "arn:aws:autoscaling:eu-west-2:646480871475:launchConfiguration:41f333c1-2697-4c09-a5da-e4df27b03784:launchConfigurationName/pacpet1-lc20221013225346665000000001",
            "associate_public_ip_address": true,
            "ebs_block_device": [],
            "ebs_optimized": false,
            "enable_monitoring": true,
            "ephemeral_block_device": [],
            "iam_instance_profile": "",
            "id": "pacpet1-lc20221013225346665000000001",
            "image_id": "ami-051e338cf12e2c22d",
            "instance_type": "t2.medium",
            "key_name": "pacpet1_pub_key",
            "metadata_options": [],
            "name": "pacpet1-lc20221013225346665000000001",
            "name_prefix": "pacpet1-lc",
            "placement_tenancy": "",
            "root_block_device": [],
            "security_groups": [
              "sg-0852dc75bc6ffbcc1"
            ],
            "spot_price": "",
            "user_data": "ad4ab4742ba6d0b6f71b63fd6a62923724a2c218",
            "user_data_base64": null,
            "vpc_classic_link_id": "",
            "vpc_classic_link_security_groups": null
          },
          "sensitive_attributes": [],
          "private": "bnVsbA==",
          "dependencies": [
            "aws_ami_from_instance.pacpet1_dockerserver_AMI",
            "aws_key_pair.pacpet1_pub_key",
            "aws_security_group.pacpet1_docker_sg"
          ]
        }
      ]
    },
    {
      "mode": "managed",
      "type": "aws_lb",
      "name": "pacpet1-lb",
      "provider": "provider[\"registry.terraform.io/hashicorp/aws\"]",
      "instances": [
        {
          "schema_version": 0,
          "attributes": {
            "access_logs": [
              {
                "bucket": "",
                "enabled": false,
                "prefix": ""
              }
            ],
            "arn": "arn:aws:elasticloadbalancing:eu-west-2:646480871475:loadbalancer/app/pacpet1-lb/00b02994b1aa2ec0",
            "arn_suffix": "app/pacpet1-lb/00b02994b1aa2ec0",
            "customer_owned_ipv4_pool": "",
            "desync_mitigation_mode": "defensive",
            "dns_name": "pacpet1-lb-640822462.eu-west-2.elb.amazonaws.com",
            "drop_invalid_header_fields": false,
            "enable_cross_zone_load_balancing": null,
            "enable_deletion_protection": false,
            "enable_http2": true,
            "enable_waf_fail_open": false,
            "id": "arn:aws:elasticloadbalancing:eu-west-2:646480871475:loadbalancer/app/pacpet1-lb/00b02994b1aa2ec0",
            "idle_timeout": 60,
            "internal": false,
            "ip_address_type": "ipv4",
            "load_balancer_type": "application",
            "name": "pacpet1-lb",
            "name_prefix": null,
            "preserve_host_header": false,
            "security_groups": [
              "sg-0852dc75bc6ffbcc1"
            ],
            "subnet_mapping": [
              {
                "allocation_id": "",
                "ipv6_address": "",
                "outpost_id": "",
                "private_ipv4_address": "",
                "subnet_id": "subnet-0ab6061eb8a2172e3"
              },
              {
                "allocation_id": "",
                "ipv6_address": "",
                "outpost_id": "",
                "private_ipv4_address": "",
                "subnet_id": "subnet-0c393b7d786cdedf2"
              }
            ],
            "subnets": [
              "subnet-0ab6061eb8a2172e3",
              "subnet-0c393b7d786cdedf2"
            ],
            "tags": {},
            "tags_all": {},
            "timeouts": null,
            "vpc_id": "vpc-0dc82c305964ba657",
            "zone_id": "ZHURV8PSTC4K8"
          },
          "sensitive_attributes": [],
          "private": "eyJlMmJmYjczMC1lY2FhLTExZTYtOGY4OC0zNDM2M2JjN2M0YzAiOnsiY3JlYXRlIjo2MDAwMDAwMDAwMDAsImRlbGV0ZSI6NjAwMDAwMDAwMDAwLCJ1cGRhdGUiOjYwMDAwMDAwMDAwMH19",
          "dependencies": [
            "aws_security_group.pacpet1_docker_sg",
            "aws_subnet.pacpet1_pubsn_01",
            "aws_subnet.pacpet1_pubsn_02",
            "aws_vpc.pacpet1_vpc"
          ]
        }
      ]
    },
    {
      "mode": "managed",
      "type": "aws_lb_listener",
      "name": "pacpet1_lb_listener",
      "provider": "provider[\"registry.terraform.io/hashicorp/aws\"]",
      "instances": [
        {
          "schema_version": 0,
          "attributes": {
            "alpn_policy": null,
            "arn": "arn:aws:elasticloadbalancing:eu-west-2:646480871475:listener/app/pacpet1-lb/00b02994b1aa2ec0/ea2288d7e95afb20",
            "certificate_arn": null,
            "default_action": [
              {
                "authenticate_cognito": [],
                "authenticate_oidc": [],
                "fixed_response": [],
                "forward": [],
                "order": 1,
                "redirect": [],
                "target_group_arn": "arn:aws:elasticloadbalancing:eu-west-2:646480871475:targetgroup/pacpet1-tg/884e57ccfa19ea3d",
                "type": "forward"
              }
            ],
            "id": "arn:aws:elasticloadbalancing:eu-west-2:646480871475:listener/app/pacpet1-lb/00b02994b1aa2ec0/ea2288d7e95afb20",
            "load_balancer_arn": "arn:aws:elasticloadbalancing:eu-west-2:646480871475:loadbalancer/app/pacpet1-lb/00b02994b1aa2ec0",
            "port": 80,
            "protocol": "HTTP",
            "ssl_policy": "",
            "tags": {},
            "tags_all": {},
            "timeouts": null
          },
          "sensitive_attributes": [],
          "private": "eyJlMmJmYjczMC1lY2FhLTExZTYtOGY4OC0zNDM2M2JjN2M0YzAiOnsicmVhZCI6NjAwMDAwMDAwMDAwfX0=",
          "dependencies": [
            "aws_lb.pacpet1-lb",
            "aws_lb_target_group.pacpet1-tg",
            "aws_security_group.pacpet1_docker_sg",
            "aws_subnet.pacpet1_pubsn_01",
            "aws_subnet.pacpet1_pubsn_02",
            "aws_vpc.pacpet1_vpc"
          ]
        }
      ]
    },
    {
      "mode": "managed",
      "type": "aws_lb_target_group",
      "name": "pacpet1-tg",
      "provider": "provider[\"registry.terraform.io/hashicorp/aws\"]",
      "instances": [
        {
          "schema_version": 0,
          "attributes": {
            "arn": "arn:aws:elasticloadbalancing:eu-west-2:646480871475:targetgroup/pacpet1-tg/884e57ccfa19ea3d",
            "arn_suffix": "targetgroup/pacpet1-tg/884e57ccfa19ea3d",
            "connection_termination": false,
            "deregistration_delay": "300",
            "health_check": [
              {
                "enabled": true,
                "healthy_threshold": 3,
                "interval": 30,
                "matcher": "200",
                "path": "/",
                "port": "traffic-port",
                "protocol": "HTTP",
                "timeout": 5,
                "unhealthy_threshold": 5
              }
            ],
            "id": "arn:aws:elasticloadbalancing:eu-west-2:646480871475:targetgroup/pacpet1-tg/884e57ccfa19ea3d",
            "ip_address_type": null,
            "lambda_multi_value_headers_enabled": false,
            "load_balancing_algorithm_type": "round_robin",
            "name": "pacpet1-tg",
            "name_prefix": null,
            "port": 8080,
            "preserve_client_ip": null,
            "protocol": "HTTP",
            "protocol_version": "HTTP1",
            "proxy_protocol_v2": false,
            "slow_start": 0,
            "stickiness": [
              {
                "cookie_duration": 86400,
                "cookie_name": "",
                "enabled": false,
                "type": "lb_cookie"
              }
            ],
            "tags": {},
            "tags_all": {},
            "target_type": "instance",
            "vpc_id": "vpc-0dc82c305964ba657"
          },
          "sensitive_attributes": [],
          "private": "bnVsbA==",
          "dependencies": [
            "aws_vpc.pacpet1_vpc"
          ]
        }
      ]
    },
    {
      "mode": "managed",
      "type": "aws_lb_target_group_attachment",
      "name": "pacpet1-tg-attach",
      "provider": "provider[\"registry.terraform.io/hashicorp/aws\"]",
      "instances": [
        {
          "schema_version": 0,
          "attributes": {
            "availability_zone": null,
            "id": "arn:aws:elasticloadbalancing:eu-west-2:646480871475:targetgroup/pacpet1-tg/884e57ccfa19ea3d-20221013224730205600000003",
            "port": 8080,
            "target_group_arn": "arn:aws:elasticloadbalancing:eu-west-2:646480871475:targetgroup/pacpet1-tg/884e57ccfa19ea3d",
            "target_id": "i-024491657c26ea037"
          },
          "sensitive_attributes": [],
          "private": "bnVsbA==",
          "dependencies": [
            "aws_instance.pacpet1_dockerserver",
            "aws_key_pair.pacpet1_pub_key",
            "aws_lb_target_group.pacpet1-tg",
            "aws_security_group.pacpet1_docker_sg",
            "aws_subnet.pacpet1_pubsn_01",
            "aws_vpc.pacpet1_vpc",
            "tls_private_key.pacpet1_key"
          ]
        }
      ]
    },
    {
      "mode": "managed",
      "type": "aws_nat_gateway",
      "name": "pacpet1_ngw",
      "provider": "provider[\"registry.terraform.io/hashicorp/aws\"]",
      "instances": [
        {
          "schema_version": 0,
          "attributes": {
            "allocation_id": "eipalloc-0b5e6dd7f423dd289",
            "connectivity_type": "public",
            "id": "nat-06a772a5cd16e6278",
            "network_interface_id": "eni-09b561ea77065990d",
            "private_ip": "10.0.1.17",
            "public_ip": "18.168.189.24",
            "subnet_id": "subnet-0c393b7d786cdedf2",
            "tags": {
              "Name": "pacpet1_ngw"
            },
            "tags_all": {
              "Name": "pacpet1_ngw"
            }
          },
          "sensitive_attributes": [],
          "private": "bnVsbA==",
          "dependencies": [
            "aws_eip.pacpet1_nat_eip",
            "aws_internet_gateway.pacpet1_igw",
            "aws_subnet.pacpet1_pubsn_01",
            "aws_vpc.pacpet1_vpc"
          ]
        }
      ]
    },
    {
      "mode": "managed",
      "type": "aws_route53_record",
      "name": "pacpet1_A_record",
      "provider": "provider[\"registry.terraform.io/hashicorp/aws\"]",
      "instances": [
        {
          "schema_version": 2,
          "attributes": {
            "alias": [
              {
                "evaluate_target_health": false,
                "name": "pacpet1-lb-640822462.eu-west-2.elb.amazonaws.com",
                "zone_id": "ZHURV8PSTC4K8"
              }
            ],
            "allow_overwrite": null,
            "failover_routing_policy": [],
            "fqdn": "www.barbarachiragia.com",
            "geolocation_routing_policy": [],
            "health_check_id": "",
            "id": "Z07143862HQRQIJEFF29Q_www_A",
            "latency_routing_policy": [],
            "multivalue_answer_routing_policy": null,
            "name": "www",
            "records": [],
            "set_identifier": "",
            "ttl": 0,
            "type": "A",
            "weighted_routing_policy": [],
            "zone_id": "Z07143862HQRQIJEFF29Q"
          },
          "sensitive_attributes": [],
          "private": "eyJzY2hlbWFfdmVyc2lvbiI6IjIifQ==",
          "dependencies": [
            "aws_lb.pacpet1-lb",
            "aws_route53_zone.hosted_zone",
            "aws_security_group.pacpet1_docker_sg",
            "aws_subnet.pacpet1_pubsn_01",
            "aws_subnet.pacpet1_pubsn_02",
            "aws_vpc.pacpet1_vpc"
          ]
        }
      ]
    },
    {
      "mode": "managed",
      "type": "aws_route53_zone",
      "name": "hosted_zone",
      "provider": "provider[\"registry.terraform.io/hashicorp/aws\"]",
      "instances": [
        {
          "schema_version": 0,
          "attributes": {
            "arn": "arn:aws:route53:::hostedzone/Z07143862HQRQIJEFF29Q",
            "comment": "Managed by Terraform",
            "delegation_set_id": "",
            "force_destroy": false,
            "id": "Z07143862HQRQIJEFF29Q",
            "name": "barbarachiragia.com",
            "name_servers": [
              "ns-1106.awsdns-10.org",
              "ns-1973.awsdns-54.co.uk",
              "ns-397.awsdns-49.com",
              "ns-515.awsdns-00.net"
            ],
            "tags": {
              "Environment": "hosted_zone"
            },
            "tags_all": {
              "Environment": "hosted_zone"
            },
            "vpc": [],
            "zone_id": "Z07143862HQRQIJEFF29Q"
          },
          "sensitive_attributes": [],
          "private": "bnVsbA=="
        }
      ]
    },
    {
      "mode": "managed",
      "type": "aws_route_table",
      "name": "pacpet1_igw_rt",
      "provider": "provider[\"registry.terraform.io/hashicorp/aws\"]",
      "instances": [
        {
          "schema_version": 0,
          "attributes": {
            "arn": "arn:aws:ec2:eu-west-2:646480871475:route-table/rtb-0007d8afddad070b0",
            "id": "rtb-0007d8afddad070b0",
            "owner_id": "646480871475",
            "propagating_vgws": [],
            "route": [
              {
                "carrier_gateway_id": "",
                "cidr_block": "0.0.0.0/0",
                "core_network_arn": "",
                "destination_prefix_list_id": "",
                "egress_only_gateway_id": "",
                "gateway_id": "igw-0d528423a7c96a715",
                "instance_id": "",
                "ipv6_cidr_block": "",
                "local_gateway_id": "",
                "nat_gateway_id": "",
                "network_interface_id": "",
                "transit_gateway_id": "",
                "vpc_endpoint_id": "",
                "vpc_peering_connection_id": ""
              }
            ],
            "tags": {
              "Name": "pacpet1_igw_rt"
            },
            "tags_all": {
              "Name": "pacpet1_igw_rt"
            },
            "timeouts": null,
            "vpc_id": "vpc-0dc82c305964ba657"
          },
          "sensitive_attributes": [],
          "private": "eyJlMmJmYjczMC1lY2FhLTExZTYtOGY4OC0zNDM2M2JjN2M0YzAiOnsiY3JlYXRlIjozMDAwMDAwMDAwMDAsImRlbGV0ZSI6MzAwMDAwMDAwMDAwLCJ1cGRhdGUiOjEyMDAwMDAwMDAwMH19",
          "dependencies": [
            "aws_internet_gateway.pacpet1_igw",
            "aws_vpc.pacpet1_vpc"
          ]
        }
      ]
    },
    {
      "mode": "managed",
      "type": "aws_route_table",
      "name": "pacpet1_ngw_rt",
      "provider": "provider[\"registry.terraform.io/hashicorp/aws\"]",
      "instances": [
        {
          "schema_version": 0,
          "attributes": {
            "arn": "arn:aws:ec2:eu-west-2:646480871475:route-table/rtb-0406e7fce3099c168",
            "id": "rtb-0406e7fce3099c168",
            "owner_id": "646480871475",
            "propagating_vgws": [],
            "route": [
              {
                "carrier_gateway_id": "",
                "cidr_block": "0.0.0.0/0",
                "core_network_arn": "",
                "destination_prefix_list_id": "",
                "egress_only_gateway_id": "",
                "gateway_id": "nat-06a772a5cd16e6278",
                "instance_id": "",
                "ipv6_cidr_block": "",
                "local_gateway_id": "",
                "nat_gateway_id": "",
                "network_interface_id": "",
                "transit_gateway_id": "",
                "vpc_endpoint_id": "",
                "vpc_peering_connection_id": ""
              }
            ],
            "tags": {
              "Name": "pacpet1_ngw_rt"
            },
            "tags_all": {
              "Name": "pacpet1_ngw_rt"
            },
            "timeouts": null,
            "vpc_id": "vpc-0dc82c305964ba657"
          },
          "sensitive_attributes": [],
          "private": "eyJlMmJmYjczMC1lY2FhLTExZTYtOGY4OC0zNDM2M2JjN2M0YzAiOnsiY3JlYXRlIjozMDAwMDAwMDAwMDAsImRlbGV0ZSI6MzAwMDAwMDAwMDAwLCJ1cGRhdGUiOjEyMDAwMDAwMDAwMH19",
          "dependencies": [
            "aws_nat_gateway.pacpet1_ngw",
            "aws_vpc.pacpet1_vpc"
          ]
        }
      ]
    },
    {
      "mode": "managed",
      "type": "aws_route_table_association",
      "name": "pacpet1_prv1_rt",
      "provider": "provider[\"registry.terraform.io/hashicorp/aws\"]",
      "instances": [
        {
          "schema_version": 0,
          "attributes": {
            "gateway_id": "",
            "id": "rtbassoc-02326dc2f8247cabd",
            "route_table_id": "rtb-0406e7fce3099c168",
            "subnet_id": "subnet-0e36c10ea68e4f870"
          },
          "sensitive_attributes": [],
          "private": "bnVsbA==",
          "dependencies": [
            "aws_eip.pacpet1_nat_eip",
            "aws_internet_gateway.pacpet1_igw",
            "aws_nat_gateway.pacpet1_ngw",
            "aws_route_table.pacpet1_ngw_rt",
            "aws_subnet.pacpet1_prvsn_01",
            "aws_subnet.pacpet1_pubsn_01",
            "aws_vpc.pacpet1_vpc"
          ]
        }
      ]
    },
    {
      "mode": "managed",
      "type": "aws_route_table_association",
      "name": "pacpet1_prv2_rt",
      "provider": "provider[\"registry.terraform.io/hashicorp/aws\"]",
      "instances": [
        {
          "schema_version": 0,
          "attributes": {
            "gateway_id": "",
            "id": "rtbassoc-037e5e5f22bbbb46a",
            "route_table_id": "rtb-0406e7fce3099c168",
            "subnet_id": "subnet-0484568aab65fd03a"
          },
          "sensitive_attributes": [],
          "private": "bnVsbA==",
          "dependencies": [
            "aws_eip.pacpet1_nat_eip",
            "aws_internet_gateway.pacpet1_igw",
            "aws_nat_gateway.pacpet1_ngw",
            "aws_route_table.pacpet1_ngw_rt",
            "aws_subnet.pacpet1_prvsn_02",
            "aws_subnet.pacpet1_pubsn_01",
            "aws_vpc.pacpet1_vpc"
          ]
        }
      ]
    },
    {
      "mode": "managed",
      "type": "aws_route_table_association",
      "name": "pacpet1_pub1_rt",
      "provider": "provider[\"registry.terraform.io/hashicorp/aws\"]",
      "instances": [
        {
          "schema_version": 0,
          "attributes": {
            "gateway_id": "",
            "id": "rtbassoc-0ec779a7e21f2382a",
            "route_table_id": "rtb-0007d8afddad070b0",
            "subnet_id": "subnet-0c393b7d786cdedf2"
          },
          "sensitive_attributes": [],
          "private": "bnVsbA==",
          "dependencies": [
            "aws_internet_gateway.pacpet1_igw",
            "aws_route_table.pacpet1_igw_rt",
            "aws_subnet.pacpet1_pubsn_01",
            "aws_vpc.pacpet1_vpc"
          ]
        }
      ]
    },
    {
      "mode": "managed",
      "type": "aws_route_table_association",
      "name": "pacpet1_pub2_rt",
      "provider": "provider[\"registry.terraform.io/hashicorp/aws\"]",
      "instances": [
        {
          "schema_version": 0,
          "attributes": {
            "gateway_id": "",
            "id": "rtbassoc-0e1a3cc97c0f2cc0c",
            "route_table_id": "rtb-0007d8afddad070b0",
            "subnet_id": "subnet-0ab6061eb8a2172e3"
          },
          "sensitive_attributes": [],
          "private": "bnVsbA==",
          "dependencies": [
            "aws_internet_gateway.pacpet1_igw",
            "aws_route_table.pacpet1_igw_rt",
            "aws_subnet.pacpet1_pubsn_02",
            "aws_vpc.pacpet1_vpc"
          ]
        }
      ]
    },
    {
      "mode": "managed",
      "type": "aws_security_group",
      "name": "pacpet1_ansible_sg",
      "provider": "provider[\"registry.terraform.io/hashicorp/aws\"]",
      "instances": [
        {
          "schema_version": 1,
          "attributes": {
            "arn": "arn:aws:ec2:eu-west-2:646480871475:security-group/sg-03f42be572abb129f",
            "description": "Allow traffic for ssh",
            "egress": [
              {
                "cidr_blocks": [
                  "0.0.0.0/0"
                ],
                "description": "",
                "from_port": 0,
                "ipv6_cidr_blocks": [],
                "prefix_list_ids": [],
                "protocol": "-1",
                "security_groups": [],
                "self": false,
                "to_port": 0
              }
            ],
            "id": "sg-03f42be572abb129f",
            "ingress": [
              {
                "cidr_blocks": [
                  "0.0.0.0/0"
                ],
                "description": "Allow ssh traffic",
                "from_port": 22,
                "ipv6_cidr_blocks": [],
                "prefix_list_ids": [],
                "protocol": "tcp",
                "security_groups": [],
                "self": false,
                "to_port": 22
              }
            ],
            "name": "pacpet1_ansible_sg",
            "name_prefix": "",
            "owner_id": "646480871475",
            "revoke_rules_on_delete": false,
            "tags": {
              "Name": "pacpet1_ansible_sg"
            },
            "tags_all": {
              "Name": "pacpet1_ansible_sg"
            },
            "timeouts": null,
            "vpc_id": "vpc-0dc82c305964ba657"
          },
          "sensitive_attributes": [],
          "private": "eyJlMmJmYjczMC1lY2FhLTExZTYtOGY4OC0zNDM2M2JjN2M0YzAiOnsiY3JlYXRlIjo2MDAwMDAwMDAwMDAsImRlbGV0ZSI6OTAwMDAwMDAwMDAwfSwic2NoZW1hX3ZlcnNpb24iOiIxIn0=",
          "dependencies": [
            "aws_vpc.pacpet1_vpc"
          ]
        }
      ]
    },
    {
      "mode": "managed",
      "type": "aws_security_group",
      "name": "pacpet1_docker_sg",
      "provider": "provider[\"registry.terraform.io/hashicorp/aws\"]",
      "instances": [
        {
          "schema_version": 1,
          "attributes": {
            "arn": "arn:aws:ec2:eu-west-2:646480871475:security-group/sg-0852dc75bc6ffbcc1",
            "description": "Allow inbound traffic",
            "egress": [
              {
                "cidr_blocks": [
                  "0.0.0.0/0"
                ],
                "description": "",
                "from_port": 0,
                "ipv6_cidr_blocks": [],
                "prefix_list_ids": [],
                "protocol": "-1",
                "security_groups": [],
                "self": false,
                "to_port": 0
              }
            ],
            "id": "sg-0852dc75bc6ffbcc1",
            "ingress": [
              {
                "cidr_blocks": [
                  "0.0.0.0/0"
                ],
                "description": "HTTP",
                "from_port": 80,
                "ipv6_cidr_blocks": [],
                "prefix_list_ids": [],
                "protocol": "tcp",
                "security_groups": [],
                "self": false,
                "to_port": 80
              },
              {
                "cidr_blocks": [
                  "0.0.0.0/0"
                ],
                "description": "SSH",
                "from_port": 22,
                "ipv6_cidr_blocks": [],
                "prefix_list_ids": [],
                "protocol": "tcp",
                "security_groups": [],
                "self": false,
                "to_port": 22
              },
              {
                "cidr_blocks": [
                  "0.0.0.0/0"
                ],
                "description": "docker",
                "from_port": 8080,
                "ipv6_cidr_blocks": [],
                "prefix_list_ids": [],
                "protocol": "tcp",
                "security_groups": [],
                "self": false,
                "to_port": 8080
              }
            ],
            "name": "pacpet1_docker_sg",
            "name_prefix": "",
            "owner_id": "646480871475",
            "revoke_rules_on_delete": false,
            "tags": {
              "Name": "pacpd_docker_sg"
            },
            "tags_all": {
              "Name": "pacpd_docker_sg"
            },
            "timeouts": null,
            "vpc_id": "vpc-0dc82c305964ba657"
          },
          "sensitive_attributes": [],
          "private": "eyJlMmJmYjczMC1lY2FhLTExZTYtOGY4OC0zNDM2M2JjN2M0YzAiOnsiY3JlYXRlIjo2MDAwMDAwMDAwMDAsImRlbGV0ZSI6OTAwMDAwMDAwMDAwfSwic2NoZW1hX3ZlcnNpb24iOiIxIn0=",
          "dependencies": [
            "aws_vpc.pacpet1_vpc"
          ]
        }
      ]
    },
    {
      "mode": "managed",
      "type": "aws_security_group",
      "name": "pacpet1_jenkins_sg",
      "provider": "provider[\"registry.terraform.io/hashicorp/aws\"]",
      "instances": [
        {
          "schema_version": 1,
          "attributes": {
            "arn": "arn:aws:ec2:eu-west-2:646480871475:security-group/sg-0ae9819c9b656a4b2",
            "description": "Allow Jenkins traffic",
            "egress": [
              {
                "cidr_blocks": [
                  "0.0.0.0/0"
                ],
                "description": "",
                "from_port": 0,
                "ipv6_cidr_blocks": [],
                "prefix_list_ids": [],
                "protocol": "-1",
                "security_groups": [],
                "self": false,
                "to_port": 0
              }
            ],
            "id": "sg-0ae9819c9b656a4b2",
            "ingress": [
              {
                "cidr_blocks": [
                  "0.0.0.0/0"
                ],
                "description": "Allow http traffic",
                "from_port": 80,
                "ipv6_cidr_blocks": [],
                "prefix_list_ids": [],
                "protocol": "tcp",
                "security_groups": [],
                "self": false,
                "to_port": 80
              },
              {
                "cidr_blocks": [
                  "0.0.0.0/0"
                ],
                "description": "Allow ssh traffic",
                "from_port": 22,
                "ipv6_cidr_blocks": [],
                "prefix_list_ids": [],
                "protocol": "tcp",
                "security_groups": [],
                "self": false,
                "to_port": 22
              },
              {
                "cidr_blocks": [
                  "0.0.0.0/0"
                ],
                "description": "Port traffic",
                "from_port": 8080,
                "ipv6_cidr_blocks": [],
                "prefix_list_ids": [],
                "protocol": "tcp",
                "security_groups": [],
                "self": false,
                "to_port": 8080
              }
            ],
            "name": "pacpet1_frontend_sg",
            "name_prefix": "",
            "owner_id": "646480871475",
            "revoke_rules_on_delete": false,
            "tags": {
              "Name": "pacpet1_jenkins_sg"
            },
            "tags_all": {
              "Name": "pacpet1_jenkins_sg"
            },
            "timeouts": null,
            "vpc_id": "vpc-0dc82c305964ba657"
          },
          "sensitive_attributes": [],
          "private": "eyJlMmJmYjczMC1lY2FhLTExZTYtOGY4OC0zNDM2M2JjN2M0YzAiOnsiY3JlYXRlIjo2MDAwMDAwMDAwMDAsImRlbGV0ZSI6OTAwMDAwMDAwMDAwfSwic2NoZW1hX3ZlcnNpb24iOiIxIn0=",
          "dependencies": [
            "aws_vpc.pacpet1_vpc"
          ]
        }
      ]
    },
    {
      "mode": "managed",
      "type": "aws_security_group",
      "name": "pacpet1_mysql_sg",
      "provider": "provider[\"registry.terraform.io/hashicorp/aws\"]",
      "instances": [
        {
          "schema_version": 1,
          "attributes": {
            "arn": "arn:aws:ec2:eu-west-2:646480871475:security-group/sg-05f25da39610f9d75",
            "description": "Allow traffic for mysql",
            "egress": [
              {
                "cidr_blocks": [
                  "0.0.0.0/0"
                ],
                "description": "",
                "from_port": 0,
                "ipv6_cidr_blocks": [],
                "prefix_list_ids": [],
                "protocol": "-1",
                "security_groups": [],
                "self": false,
                "to_port": 0
              }
            ],
            "id": "sg-05f25da39610f9d75",
            "ingress": [
              {
                "cidr_blocks": [
                  "10.0.1.0/24",
                  "10.0.2.0/24"
                ],
                "description": "Allow mysql traffic",
                "from_port": 3306,
                "ipv6_cidr_blocks": [],
                "prefix_list_ids": [],
                "protocol": "tcp",
                "security_groups": [],
                "self": false,
                "to_port": 3306
              }
            ],
            "name": "pacpet1_mysql_sg",
            "name_prefix": "",
            "owner_id": "646480871475",
            "revoke_rules_on_delete": false,
            "tags": {
              "Name": "pacpet1_mysql_sg"
            },
            "tags_all": {
              "Name": "pacpet1_mysql_sg"
            },
            "timeouts": null,
            "vpc_id": "vpc-0dc82c305964ba657"
          },
          "sensitive_attributes": [],
          "private": "eyJlMmJmYjczMC1lY2FhLTExZTYtOGY4OC0zNDM2M2JjN2M0YzAiOnsiY3JlYXRlIjo2MDAwMDAwMDAwMDAsImRlbGV0ZSI6OTAwMDAwMDAwMDAwfSwic2NoZW1hX3ZlcnNpb24iOiIxIn0=",
          "dependencies": [
            "aws_vpc.pacpet1_vpc"
          ]
        }
      ]
    },
    {
      "mode": "managed",
      "type": "aws_security_group",
      "name": "pacpet1_sq_sg",
      "provider": "provider[\"registry.terraform.io/hashicorp/aws\"]",
      "instances": [
        {
          "schema_version": 1,
          "attributes": {
            "arn": "arn:aws:ec2:eu-west-2:646480871475:security-group/sg-0254905626743150b",
            "description": "Allow traffic for SonarQube",
            "egress": [
              {
                "cidr_blocks": [
                  "0.0.0.0/0"
                ],
                "description": "",
                "from_port": 0,
                "ipv6_cidr_blocks": [],
                "prefix_list_ids": [],
                "protocol": "-1",
                "security_groups": [],
                "self": false,
                "to_port": 0
              }
            ],
            "id": "sg-0254905626743150b",
            "ingress": [
              {
                "cidr_blocks": [
                  "0.0.0.0/0"
                ],
                "description": "Allow SonarQube traffic",
                "from_port": 9000,
                "ipv6_cidr_blocks": [],
                "prefix_list_ids": [],
                "protocol": "tcp",
                "security_groups": [],
                "self": false,
                "to_port": 9000
              },
              {
                "cidr_blocks": [
                  "0.0.0.0/0"
                ],
                "description": "Allow ssh traffic",
                "from_port": 22,
                "ipv6_cidr_blocks": [],
                "prefix_list_ids": [],
                "protocol": "tcp",
                "security_groups": [],
                "self": false,
                "to_port": 22
              }
            ],
            "name": "pacpet1_sq_sg",
            "name_prefix": "",
            "owner_id": "646480871475",
            "revoke_rules_on_delete": false,
            "tags": {
              "Name": "pacpet1_mysql_sg"
            },
            "tags_all": {
              "Name": "pacpet1_mysql_sg"
            },
            "timeouts": null,
            "vpc_id": "vpc-0dc82c305964ba657"
          },
          "sensitive_attributes": [],
          "private": "eyJlMmJmYjczMC1lY2FhLTExZTYtOGY4OC0zNDM2M2JjN2M0YzAiOnsiY3JlYXRlIjo2MDAwMDAwMDAwMDAsImRlbGV0ZSI6OTAwMDAwMDAwMDAwfSwic2NoZW1hX3ZlcnNpb24iOiIxIn0=",
          "dependencies": [
            "aws_vpc.pacpet1_vpc"
          ]
        }
      ]
    },
    {
      "mode": "managed",
      "type": "aws_subnet",
      "name": "pacpet1_prvsn_01",
      "provider": "provider[\"registry.terraform.io/hashicorp/aws\"]",
      "instances": [
        {
          "schema_version": 1,
          "attributes": {
            "arn": "arn:aws:ec2:eu-west-2:646480871475:subnet/subnet-0e36c10ea68e4f870",
            "assign_ipv6_address_on_creation": false,
            "availability_zone": "eu-west-2a",
            "availability_zone_id": "euw2-az2",
            "cidr_block": "10.0.3.0/24",
            "customer_owned_ipv4_pool": "",
            "enable_dns64": false,
            "enable_resource_name_dns_a_record_on_launch": false,
            "enable_resource_name_dns_aaaa_record_on_launch": false,
            "id": "subnet-0e36c10ea68e4f870",
            "ipv6_cidr_block": "",
            "ipv6_cidr_block_association_id": "",
            "ipv6_native": false,
            "map_customer_owned_ip_on_launch": false,
            "map_public_ip_on_launch": false,
            "outpost_arn": "",
            "owner_id": "646480871475",
            "private_dns_hostname_type_on_launch": "ip-name",
            "tags": {
              "Name": "pacpet1_prvsn_01"
            },
            "tags_all": {
              "Name": "pacpet1_prvsn_01"
            },
            "timeouts": null,
            "vpc_id": "vpc-0dc82c305964ba657"
          },
          "sensitive_attributes": [],
          "private": "eyJlMmJmYjczMC1lY2FhLTExZTYtOGY4OC0zNDM2M2JjN2M0YzAiOnsiY3JlYXRlIjo2MDAwMDAwMDAwMDAsImRlbGV0ZSI6MTIwMDAwMDAwMDAwMH0sInNjaGVtYV92ZXJzaW9uIjoiMSJ9",
          "dependencies": [
            "aws_vpc.pacpet1_vpc"
          ]
        }
      ]
    },
    {
      "mode": "managed",
      "type": "aws_subnet",
      "name": "pacpet1_prvsn_02",
      "provider": "provider[\"registry.terraform.io/hashicorp/aws\"]",
      "instances": [
        {
          "schema_version": 1,
          "attributes": {
            "arn": "arn:aws:ec2:eu-west-2:646480871475:subnet/subnet-0484568aab65fd03a",
            "assign_ipv6_address_on_creation": false,
            "availability_zone": "eu-west-2b",
            "availability_zone_id": "euw2-az3",
            "cidr_block": "10.0.4.0/24",
            "customer_owned_ipv4_pool": "",
            "enable_dns64": false,
            "enable_resource_name_dns_a_record_on_launch": false,
            "enable_resource_name_dns_aaaa_record_on_launch": false,
            "id": "subnet-0484568aab65fd03a",
            "ipv6_cidr_block": "",
            "ipv6_cidr_block_association_id": "",
            "ipv6_native": false,
            "map_customer_owned_ip_on_launch": false,
            "map_public_ip_on_launch": false,
            "outpost_arn": "",
            "owner_id": "646480871475",
            "private_dns_hostname_type_on_launch": "ip-name",
            "tags": {
              "Name": "pacpet1_prvsn_02"
            },
            "tags_all": {
              "Name": "pacpet1_prvsn_02"
            },
            "timeouts": null,
            "vpc_id": "vpc-0dc82c305964ba657"
          },
          "sensitive_attributes": [],
          "private": "eyJlMmJmYjczMC1lY2FhLTExZTYtOGY4OC0zNDM2M2JjN2M0YzAiOnsiY3JlYXRlIjo2MDAwMDAwMDAwMDAsImRlbGV0ZSI6MTIwMDAwMDAwMDAwMH0sInNjaGVtYV92ZXJzaW9uIjoiMSJ9",
          "dependencies": [
            "aws_vpc.pacpet1_vpc"
          ]
        }
      ]
    },
    {
      "mode": "managed",
      "type": "aws_subnet",
      "name": "pacpet1_pubsn_01",
      "provider": "provider[\"registry.terraform.io/hashicorp/aws\"]",
      "instances": [
        {
          "schema_version": 1,
          "attributes": {
            "arn": "arn:aws:ec2:eu-west-2:646480871475:subnet/subnet-0c393b7d786cdedf2",
            "assign_ipv6_address_on_creation": false,
            "availability_zone": "eu-west-2a",
            "availability_zone_id": "euw2-az2",
            "cidr_block": "10.0.1.0/24",
            "customer_owned_ipv4_pool": "",
            "enable_dns64": false,
            "enable_resource_name_dns_a_record_on_launch": false,
            "enable_resource_name_dns_aaaa_record_on_launch": false,
            "id": "subnet-0c393b7d786cdedf2",
            "ipv6_cidr_block": "",
            "ipv6_cidr_block_association_id": "",
            "ipv6_native": false,
            "map_customer_owned_ip_on_launch": false,
            "map_public_ip_on_launch": false,
            "outpost_arn": "",
            "owner_id": "646480871475",
            "private_dns_hostname_type_on_launch": "ip-name",
            "tags": {
              "Name": "pacpet1_pubsn_01"
            },
            "tags_all": {
              "Name": "pacpet1_pubsn_01"
            },
            "timeouts": null,
            "vpc_id": "vpc-0dc82c305964ba657"
          },
          "sensitive_attributes": [],
          "private": "eyJlMmJmYjczMC1lY2FhLTExZTYtOGY4OC0zNDM2M2JjN2M0YzAiOnsiY3JlYXRlIjo2MDAwMDAwMDAwMDAsImRlbGV0ZSI6MTIwMDAwMDAwMDAwMH0sInNjaGVtYV92ZXJzaW9uIjoiMSJ9",
          "dependencies": [
            "aws_vpc.pacpet1_vpc"
          ]
        }
      ]
    },
    {
      "mode": "managed",
      "type": "aws_subnet",
      "name": "pacpet1_pubsn_02",
      "provider": "provider[\"registry.terraform.io/hashicorp/aws\"]",
      "instances": [
        {
          "schema_version": 1,
          "attributes": {
            "arn": "arn:aws:ec2:eu-west-2:646480871475:subnet/subnet-0ab6061eb8a2172e3",
            "assign_ipv6_address_on_creation": false,
            "availability_zone": "eu-west-2b",
            "availability_zone_id": "euw2-az3",
            "cidr_block": "10.0.2.0/24",
            "customer_owned_ipv4_pool": "",
            "enable_dns64": false,
            "enable_resource_name_dns_a_record_on_launch": false,
            "enable_resource_name_dns_aaaa_record_on_launch": false,
            "id": "subnet-0ab6061eb8a2172e3",
            "ipv6_cidr_block": "",
            "ipv6_cidr_block_association_id": "",
            "ipv6_native": false,
            "map_customer_owned_ip_on_launch": false,
            "map_public_ip_on_launch": false,
            "outpost_arn": "",
            "owner_id": "646480871475",
            "private_dns_hostname_type_on_launch": "ip-name",
            "tags": {
              "Name": "pacpet1_pubsn_02"
            },
            "tags_all": {
              "Name": "pacpet1_pubsn_02"
            },
            "timeouts": null,
            "vpc_id": "vpc-0dc82c305964ba657"
          },
          "sensitive_attributes": [],
          "private": "eyJlMmJmYjczMC1lY2FhLTExZTYtOGY4OC0zNDM2M2JjN2M0YzAiOnsiY3JlYXRlIjo2MDAwMDAwMDAwMDAsImRlbGV0ZSI6MTIwMDAwMDAwMDAwMH0sInNjaGVtYV92ZXJzaW9uIjoiMSJ9",
          "dependencies": [
            "aws_vpc.pacpet1_vpc"
          ]
        }
      ]
    },
    {
      "mode": "managed",
      "type": "aws_vpc",
      "name": "pacpet1_vpc",
      "provider": "provider[\"registry.terraform.io/hashicorp/aws\"]",
      "instances": [
        {
          "schema_version": 1,
          "attributes": {
            "arn": "arn:aws:ec2:eu-west-2:646480871475:vpc/vpc-0dc82c305964ba657",
            "assign_generated_ipv6_cidr_block": false,
            "cidr_block": "10.0.0.0/16",
            "default_network_acl_id": "acl-06983c5535d27a37b",
            "default_route_table_id": "rtb-09a65534558bb64b8",
            "default_security_group_id": "sg-048d5919df6b3df24",
            "dhcp_options_id": "dopt-0a3dbf571df571610",
            "enable_classiclink": false,
            "enable_classiclink_dns_support": false,
            "enable_dns_hostnames": false,
            "enable_dns_support": true,
            "id": "vpc-0dc82c305964ba657",
            "instance_tenancy": "default",
            "ipv4_ipam_pool_id": null,
            "ipv4_netmask_length": null,
            "ipv6_association_id": "",
            "ipv6_cidr_block": "",
            "ipv6_cidr_block_network_border_group": "",
            "ipv6_ipam_pool_id": "",
            "ipv6_netmask_length": 0,
            "main_route_table_id": "rtb-09a65534558bb64b8",
            "owner_id": "646480871475",
            "tags": {
              "Name": "pacpet1_vpc"
            },
            "tags_all": {
              "Name": "pacpet1_vpc"
            }
          },
          "sensitive_attributes": [],
          "private": "eyJzY2hlbWFfdmVyc2lvbiI6IjEifQ=="
        }
      ]
    },
    {
      "mode": "managed",
      "type": "local_file",
      "name": "pacpet1_prv",
      "provider": "provider[\"registry.terraform.io/hashicorp/local\"]",
      "instances": [
        {
          "schema_version": 0,
          "attributes": {
            "content": "-----BEGIN RSA PRIVATE KEY-----\nMIIJKAIBAAKCAgEAyh3jSz1MXAHpheykZQwZhxabTv111ji7LMzL8tDFZA4WPf1m\ndLBILziozgXLvSRYiaCf8wy6FTpXosOkNAIme3H61oJJTZVjkb5YuScAVKWmWv8S\nWdrtfk2lrcLL2p/ANok3Orao9deRc7pGdbrCeIZNgf7YLxFIbJvEfHoSE/AXgEJw\nUCuGoLu2soovYqtkEHAuwvwkEIsAQgXWViKbAvgtgs9zOP57FNYZ7dnTKEPYrcU+\nPCtzP6qfg/Dr2O+bMYpF/IKUjZ/jkm8nm1mgvveprEEOA/wwvNNNC+iflM/B2im9\n6GR+h1UKwrDkuRAh9Luu17wXfUZJPltA4jamRxnKtKFPqO0l9y40OFJ/P1uh0440\n/kZO7KWbcooJcUp43SVnRpaHCPCAubflaFE4slUJKx4Tg4ZxWd6J62grT3Gxw+Zn\n6UuNVRx8+CKNsNv76cm12ssXKaSdO9xkdlCc0E1ANs+5/jIktAO/GMclP2juSlw3\n/3rq1yq6seBkoNkSedDBkGgM5SDc2NSk8CdE0noGVKxvSeKEDpSS/F2TPXVAxxLo\nKT9436w7+vH6DZfQRwl3AoTYnLM8RH2pRVZKJnthnLcCb+utsEk5Ak4aO8KWF6+M\nmkBhmNf5DF931J0ajZQBcW5Z2lzHFY36blLQffQm87sr9RG7UuEp/hboz/cCAwEA\nAQKCAgBZ1lMTPFnWg5sSxg6EQ46NNwUtZQedgnXgAd+dPCKgyIomX53MvBY5twuB\nF55poeAgvF6cH8oOaXJOjHtOCq6kLBN8iUifzYkGXP7+vVEuTrrUs4+qlN7/RvAf\nffgyYtOC6ha8aDhNndWvBNsQtUR/YeLNp0LcGOiCLfJ2CaRDbHJltiJJ4C7k/srE\nLRvG1buSeuquDHjTSZWBwypz+sm/1iQUgrUKXkLDDi9UQ3/R4+ZJxuRUxlNhtytT\n8CBEuqvWp0lYZYo2MR1sFzAZowsKFvc582iRaOUY6SrT4kAcWwQlPmyFATYkXS59\nPzdK8trE9y9OAPLH4hfoOZNreTMKmIJGsr1HJDoWKc6ZNxgA2WiR/5FXSr7h8F4e\nPruL7WcGscqohZsob2eKPPnsQPUa21s4ioUzN2m5u+6rCDAiLpUoJKpgQBjtL979\nYnTBfSF98prc/xYjd09M0lkeMrV/b7j41jGn9hnPNJfkrXr02IunHJGvFlTZf6cO\nH5Wpbl5b/CkLEUP+Npwg4eDkcM1XGvx8bXc22eDnyLVBYd0+AZJu5mD7WNi/TioZ\n5XXc9VUPDOLWj3fT3gKF59822YUk/HCVxIrlA/B41mzAqFgh5boFfxHNNQpKc8Yg\nYte51Qtp3OLxUpS3O2uUaBOGOvadFxf1WNM70oj+0uvVYF5hgQKCAQEA0QckzO7/\nxbbFU/xIBqzNw6JIsmuzFaJbgM049kISc18N0pS729Y/Xclc9m8lj1nZddR4aX62\nokofGTApIstfXtD3GO2Z+55zbTo8+0cpJYTOBjj5/JgImDuJWZ7k4U9zdnFlnT7B\nMMeHNlbG37SQ9ltIKcnHZf3l6dR7lgSDDQ8WPWUVZ6G8UgSLbaVnaYfOQlapRhRi\n3K4BA8A63/XAc6gEVl+bZVBzggA6eXjsNIZuS9nh1cYmYjH0RBlp7Id70BG8JTcJ\nUrvMR4R3VnRBi3nK1UDqd8eic3k8By59JugYB/Q2IB0N+jm8pq4vi2KqXfmqJ94m\nxaa7IzzDpCkXlwKCAQEA94kpmLA65tkSSUJnuvthLr0FYd1gPvHP2GaJVNbv9cfi\nr32lLeyU9klj2h7FthCXBtcEUJdr6rxxZrvBnPcXZ0SlImJ8WzlyZsqsYGXDizOA\nDbkrLDiyF/CuFaz5VI254LMlpDa95SNoVH1rAjZTMgMGn9Gm1JQ343nWi93v0Ry7\nIvgFSjZmUe00g51QhFp3bYa4wh/gzwj+CBZjkfsQ7AJR/pGkvPZzl35QJNfLvsX8\nOlY2OtYKWKW99+MBLaY0wL3MT8WWPVvekVNRgCO7+oIFhKbw2A4zFVAFssBK7Ego\ndFWFf+zzVUHbtcAopWTKsg+4VbqQFC4sCNlYyIYWoQKCAQAlzF/oOxO/YgSe4lD3\n/AmdZdw1f2o78EcRrIqvZVVGzZqHSOQLpduBjycjXQfyuzGqsAgyM3q9MCAdgur9\nYr9VOv5j4Jtmt8lxqAVc/wo+wZwr3eO+vJNZS/LTZPtIjwB3G5xfafivZHVb6yc9\nTr6j/e+3tsg69kW8GfNbNmeoVeEUqxHK0qFmR3IbGrzvhWJT9q3XgVo7Q6/lSL6c\nvyjVAT3/jHxiPsEUcgwg6S/1c5XAW58N9C3+tb/RDLNt1TYbcwmNxT0HW/RdvmOC\nG7W6jgSSuZFspYoHzZWASvTQs0mdLpkXB4n+hLBLh9YLI4VhRwNxACgMt9DBV3yd\nU9zzAoIBAGgdM/a54Pxpvuw7Vv/pbZXIATSJdUrkUGSXtBmQEfvRqAHiGhC32mvA\nsJP0r3oFflBtLa5sEgL4YcYxIJ1RvHE+CSruO5nvDrQ3eMtO4jFxZuHeyU7fReEV\n5VLOn0w2FEFzeFiagcKX4vDuk4ypptJ5PVcJSl9NPDicbWYE4jKVIAz0Pt1ZBi5d\nU+Irz8rrdiIGMT3NRLQv9xEVwamL7TEnRK+LOLwV+MZ2ZWUpstO52H389vBGSLHC\nfKV/wGYf6z5KVl4TID8Mng+H+NapsQ4LlCCYSuLFDi1frBXkFV9Odl1//xewZSSt\n/6hxe2cdfrfoLsM4JhOm2/SY3mPxKiECggEBAIcapy+BuYUlQlgGn6/Ou8h6zoDU\nar4IdI6SXQTS1lHo4niK77xgnNHm8puEfpaaUtVHP+Dl7s0qGzTsJAIb6vXXXRKS\nkHScrw8019/a4scb7K9i97gwHNRY35sIuPgsKNkfZyy4z7lCF98YXQ1e3nEASUMj\ns5mAPUFvwxcAIHRt9rXN2NlClpZ1znX/FTraQVCgisv0uok84XzmtyRmaxR4x0Ek\nLoGC+HUZR7mHfwQPFmUdvWDs94NgHOCmLsslbusIh0tltFfXdjXkFoRAqNYF+Tl5\nJkkhnm2oldsy66tgCA1cIWp/GQ9WhfCR0gYj6vy5BD1npdz8T1TXdNEV1uM=\n-----END RSA PRIVATE KEY-----\n",
            "content_base64": null,
            "directory_permission": "0777",
            "file_permission": "0777",
            "filename": "pacpet1_prv",
            "id": "a4142e0e7b799bddb7e61ed725a1b84f7ae25258",
            "sensitive_content": null,
            "source": null
          },
          "sensitive_attributes": [
            [
              {
                "type": "get_attr",
                "value": "content"
              }
            ]
          ],
          "private": "bnVsbA==",
          "dependencies": [
            "tls_private_key.pacpet1_key"
          ]
        }
      ]
    },
    {
      "mode": "managed",
      "type": "random_id",
      "name": "db_username",
      "provider": "provider[\"registry.terraform.io/hashicorp/random\"]",
      "instances": [
        {
          "schema_version": 0,
          "attributes": {
            "b64_std": "jLpiTyyc",
            "b64_url": "jLpiTyyc",
            "byte_length": 6,
            "dec": "154732141161628",
            "hex": "8cba624f2c9c",
            "id": "jLpiTyyc",
            "keepers": null,
            "prefix": null
          },
          "sensitive_attributes": []
        }
      ]
    },
    {
      "mode": "managed",
      "type": "random_password",
      "name": "db_password",
      "provider": "provider[\"registry.terraform.io/hashicorp/random\"]",
      "instances": [
        {
          "schema_version": 3,
          "attributes": {
            "bcrypt_hash": "$2a$10$udEUkg5Xvh68gOPm8XChve1B1UAdO1tkxlNLVamt75i8tlJH8yxtG",
            "id": "none",
            "keepers": null,
            "length": 16,
            "lower": true,
            "min_lower": 0,
            "min_numeric": 0,
            "min_special": 0,
            "min_upper": 0,
            "number": true,
            "numeric": true,
            "override_special": "!*()-_=+[]{}\u003c\u003e:?",
            "result": "Uy\u003eHBBq}}j+_0[HQ",
            "special": true,
            "upper": true
          },
          "sensitive_attributes": []
        }
      ]
    },
    {
      "mode": "managed",
      "type": "tls_private_key",
      "name": "pacpet1_key",
      "provider": "provider[\"registry.terraform.io/hashicorp/tls\"]",
      "instances": [
        {
          "schema_version": 1,
          "attributes": {
            "algorithm": "RSA",
            "ecdsa_curve": "P224",
            "id": "065665881ff12d722971523e0a83e495d0eac70f",
            "private_key_openssh": "-----BEGIN OPENSSH PRIVATE KEY-----\nb3BlbnNzaC1rZXktdjEAAAAABG5vbmUAAAAEbm9uZQAAAAAAAAABAAACFwAAAAdz\nc2gtcnNhAAAAAwEAAQAAAgEAyh3jSz1MXAHpheykZQwZhxabTv111ji7LMzL8tDF\nZA4WPf1mdLBILziozgXLvSRYiaCf8wy6FTpXosOkNAIme3H61oJJTZVjkb5YuScA\nVKWmWv8SWdrtfk2lrcLL2p/ANok3Orao9deRc7pGdbrCeIZNgf7YLxFIbJvEfHoS\nE/AXgEJwUCuGoLu2soovYqtkEHAuwvwkEIsAQgXWViKbAvgtgs9zOP57FNYZ7dnT\nKEPYrcU+PCtzP6qfg/Dr2O+bMYpF/IKUjZ/jkm8nm1mgvveprEEOA/wwvNNNC+if\nlM/B2im96GR+h1UKwrDkuRAh9Luu17wXfUZJPltA4jamRxnKtKFPqO0l9y40OFJ/\nP1uh0440/kZO7KWbcooJcUp43SVnRpaHCPCAubflaFE4slUJKx4Tg4ZxWd6J62gr\nT3Gxw+Zn6UuNVRx8+CKNsNv76cm12ssXKaSdO9xkdlCc0E1ANs+5/jIktAO/GMcl\nP2juSlw3/3rq1yq6seBkoNkSedDBkGgM5SDc2NSk8CdE0noGVKxvSeKEDpSS/F2T\nPXVAxxLoKT9436w7+vH6DZfQRwl3AoTYnLM8RH2pRVZKJnthnLcCb+utsEk5Ak4a\nO8KWF6+MmkBhmNf5DF931J0ajZQBcW5Z2lzHFY36blLQffQm87sr9RG7UuEp/hbo\nz/cAAAc4G22T3httk94AAAAHc3NoLXJzYQAAAgEAyh3jSz1MXAHpheykZQwZhxab\nTv111ji7LMzL8tDFZA4WPf1mdLBILziozgXLvSRYiaCf8wy6FTpXosOkNAIme3H6\n1oJJTZVjkb5YuScAVKWmWv8SWdrtfk2lrcLL2p/ANok3Orao9deRc7pGdbrCeIZN\ngf7YLxFIbJvEfHoSE/AXgEJwUCuGoLu2soovYqtkEHAuwvwkEIsAQgXWViKbAvgt\ngs9zOP57FNYZ7dnTKEPYrcU+PCtzP6qfg/Dr2O+bMYpF/IKUjZ/jkm8nm1mgvvep\nrEEOA/wwvNNNC+iflM/B2im96GR+h1UKwrDkuRAh9Luu17wXfUZJPltA4jamRxnK\ntKFPqO0l9y40OFJ/P1uh0440/kZO7KWbcooJcUp43SVnRpaHCPCAubflaFE4slUJ\nKx4Tg4ZxWd6J62grT3Gxw+Zn6UuNVRx8+CKNsNv76cm12ssXKaSdO9xkdlCc0E1A\nNs+5/jIktAO/GMclP2juSlw3/3rq1yq6seBkoNkSedDBkGgM5SDc2NSk8CdE0noG\nVKxvSeKEDpSS/F2TPXVAxxLoKT9436w7+vH6DZfQRwl3AoTYnLM8RH2pRVZKJnth\nnLcCb+utsEk5Ak4aO8KWF6+MmkBhmNf5DF931J0ajZQBcW5Z2lzHFY36blLQffQm\n87sr9RG7UuEp/hboz/cAAAADAQABAAACAFnWUxM8WdaDmxLGDoRDjo03BS1lB52C\ndeAB3508IqDIiiZfncy8Fjm3C4EXnmmh4CC8Xpwfyg5pck6Me04KrqQsE3yJSJ/N\niQZc/v69US5OutSzj6qU3v9G8B99+DJi04LqFrxoOE2d1a8E2xC1RH9h4s2nQtwY\n6IIt8nYJpENscmW2IkngLuT+ysQtG8bVu5J66q4MeNNJlYHDKnP6yb/WJBSCtQpe\nQsMOL1RDf9Hj5knG5FTGU2G3K1PwIES6q9anSVhlijYxHWwXMBmjCwoW9znzaJFo\n5RjpKtPiQBxbBCU+bIUBNiRdLn0/N0ry2sT3L04A8sfiF+g5k2t5MwqYgkayvUck\nOhYpzpk3GADZaJH/kVdKvuHwXh4+u4vtZwaxyqiFmyhvZ4o8+exA9RrbWziKhTM3\nabm77qsIMCIulSgkqmBAGO0v3v1idMF9IX3ymtz/FiN3T0zSWR4ytX9vuPjWMaf2\nGc80l+StevTYi6ccka8WVNl/pw4flaluXlv8KQsRQ/42nCDh4ORwzVca/HxtdzbZ\n4OfItUFh3T4Bkm7mYPtY2L9OKhnlddz1VQ8M4taPd9PeAoXn3zbZhST8cJXEiuUD\n8HjWbMCoWCHlugV/Ec01CkpzxiBi17nVC2nc4vFSlLc7a5RoE4Y69p0XF/VY0zvS\niP7S69VgXmGBAAABAQCHGqcvgbmFJUJYBp+vzrvIes6A1Gq+CHSOkl0E0tZR6OJ4\niu+8YJzR5vKbhH6WmlLVRz/g5e7NKhs07CQCG+r1110SkpB0nK8PNNff2uLHG+yv\nYve4MBzUWN+bCLj4LCjZH2csuM+5QhffGF0NXt5xAElDI7OZgD1Bb8MXACB0bfa1\nzdjZQpaWdc51/xU62kFQoIrL9LqJPOF85rckZmsUeMdBJC6Bgvh1GUe5h38EDxZl\nHb1g7PeDYBzgpi7LJW7rCIdLZbRX13Y15BaEQKjWBfk5eSZJIZ5tqJXbMuurYAgN\nXCFqfxkPVoXwkdIGI+r8uQQ9Z6Xc/E9U13TRFdbjAAABAQDRByTM7v/FtsVT/EgG\nrM3Dokiya7MVoluAzTj2QhJzXw3SlLvb1j9dyVz2byWPWdl11HhpfraiSh8ZMCki\ny19e0PcY7Zn7nnNtOjz7RyklhM4GOPn8mAiYO4lZnuThT3N2cWWdPsEwx4c2Vsbf\ntJD2W0gpycdl/eXp1HuWBIMNDxY9ZRVnobxSBIttpWdph85CVqlGFGLcrgEDwDrf\n9cBzqARWX5tlUHOCADp5eOw0hm5L2eHVxiZiMfREGWnsh3vQEbwlNwlSu8xHhHdW\ndEGLecrVQOp3x6JzeTwHLn0m6BgH9DYgHQ36Obymri+LYqpd+aon3ibFprsjPMOk\nKReXAAABAQD3iSmYsDrm2RJJQme6+2EuvQVh3WA+8c/YZolU1u/1x+KvfaUt7JT2\nSWPaHsW2EJcG1wRQl2vqvHFmu8Gc9xdnRKUiYnxbOXJmyqxgZcOLM4ANuSssOLIX\n8K4VrPlUjbngsyWkNr3lI2hUfWsCNlMyAwaf0abUlDfjedaL3e/RHLsi+AVKNmZR\n7TSDnVCEWndthrjCH+DPCP4IFmOR+xDsAlH+kaS89nOXflAk18u+xfw6VjY61gpY\npb334wEtpjTAvcxPxZY9W96RU1GAI7v6ggWEpvDYDjMVUAWywErsSCh0VYV/7PNV\nQdu1wCilZMqyD7hVupAULiwI2VjIhhahAAAAAAEC\n-----END OPENSSH PRIVATE KEY-----\n",
            "private_key_pem": "-----BEGIN RSA PRIVATE KEY-----\nMIIJKAIBAAKCAgEAyh3jSz1MXAHpheykZQwZhxabTv111ji7LMzL8tDFZA4WPf1m\ndLBILziozgXLvSRYiaCf8wy6FTpXosOkNAIme3H61oJJTZVjkb5YuScAVKWmWv8S\nWdrtfk2lrcLL2p/ANok3Orao9deRc7pGdbrCeIZNgf7YLxFIbJvEfHoSE/AXgEJw\nUCuGoLu2soovYqtkEHAuwvwkEIsAQgXWViKbAvgtgs9zOP57FNYZ7dnTKEPYrcU+\nPCtzP6qfg/Dr2O+bMYpF/IKUjZ/jkm8nm1mgvveprEEOA/wwvNNNC+iflM/B2im9\n6GR+h1UKwrDkuRAh9Luu17wXfUZJPltA4jamRxnKtKFPqO0l9y40OFJ/P1uh0440\n/kZO7KWbcooJcUp43SVnRpaHCPCAubflaFE4slUJKx4Tg4ZxWd6J62grT3Gxw+Zn\n6UuNVRx8+CKNsNv76cm12ssXKaSdO9xkdlCc0E1ANs+5/jIktAO/GMclP2juSlw3\n/3rq1yq6seBkoNkSedDBkGgM5SDc2NSk8CdE0noGVKxvSeKEDpSS/F2TPXVAxxLo\nKT9436w7+vH6DZfQRwl3AoTYnLM8RH2pRVZKJnthnLcCb+utsEk5Ak4aO8KWF6+M\nmkBhmNf5DF931J0ajZQBcW5Z2lzHFY36blLQffQm87sr9RG7UuEp/hboz/cCAwEA\nAQKCAgBZ1lMTPFnWg5sSxg6EQ46NNwUtZQedgnXgAd+dPCKgyIomX53MvBY5twuB\nF55poeAgvF6cH8oOaXJOjHtOCq6kLBN8iUifzYkGXP7+vVEuTrrUs4+qlN7/RvAf\nffgyYtOC6ha8aDhNndWvBNsQtUR/YeLNp0LcGOiCLfJ2CaRDbHJltiJJ4C7k/srE\nLRvG1buSeuquDHjTSZWBwypz+sm/1iQUgrUKXkLDDi9UQ3/R4+ZJxuRUxlNhtytT\n8CBEuqvWp0lYZYo2MR1sFzAZowsKFvc582iRaOUY6SrT4kAcWwQlPmyFATYkXS59\nPzdK8trE9y9OAPLH4hfoOZNreTMKmIJGsr1HJDoWKc6ZNxgA2WiR/5FXSr7h8F4e\nPruL7WcGscqohZsob2eKPPnsQPUa21s4ioUzN2m5u+6rCDAiLpUoJKpgQBjtL979\nYnTBfSF98prc/xYjd09M0lkeMrV/b7j41jGn9hnPNJfkrXr02IunHJGvFlTZf6cO\nH5Wpbl5b/CkLEUP+Npwg4eDkcM1XGvx8bXc22eDnyLVBYd0+AZJu5mD7WNi/TioZ\n5XXc9VUPDOLWj3fT3gKF59822YUk/HCVxIrlA/B41mzAqFgh5boFfxHNNQpKc8Yg\nYte51Qtp3OLxUpS3O2uUaBOGOvadFxf1WNM70oj+0uvVYF5hgQKCAQEA0QckzO7/\nxbbFU/xIBqzNw6JIsmuzFaJbgM049kISc18N0pS729Y/Xclc9m8lj1nZddR4aX62\nokofGTApIstfXtD3GO2Z+55zbTo8+0cpJYTOBjj5/JgImDuJWZ7k4U9zdnFlnT7B\nMMeHNlbG37SQ9ltIKcnHZf3l6dR7lgSDDQ8WPWUVZ6G8UgSLbaVnaYfOQlapRhRi\n3K4BA8A63/XAc6gEVl+bZVBzggA6eXjsNIZuS9nh1cYmYjH0RBlp7Id70BG8JTcJ\nUrvMR4R3VnRBi3nK1UDqd8eic3k8By59JugYB/Q2IB0N+jm8pq4vi2KqXfmqJ94m\nxaa7IzzDpCkXlwKCAQEA94kpmLA65tkSSUJnuvthLr0FYd1gPvHP2GaJVNbv9cfi\nr32lLeyU9klj2h7FthCXBtcEUJdr6rxxZrvBnPcXZ0SlImJ8WzlyZsqsYGXDizOA\nDbkrLDiyF/CuFaz5VI254LMlpDa95SNoVH1rAjZTMgMGn9Gm1JQ343nWi93v0Ry7\nIvgFSjZmUe00g51QhFp3bYa4wh/gzwj+CBZjkfsQ7AJR/pGkvPZzl35QJNfLvsX8\nOlY2OtYKWKW99+MBLaY0wL3MT8WWPVvekVNRgCO7+oIFhKbw2A4zFVAFssBK7Ego\ndFWFf+zzVUHbtcAopWTKsg+4VbqQFC4sCNlYyIYWoQKCAQAlzF/oOxO/YgSe4lD3\n/AmdZdw1f2o78EcRrIqvZVVGzZqHSOQLpduBjycjXQfyuzGqsAgyM3q9MCAdgur9\nYr9VOv5j4Jtmt8lxqAVc/wo+wZwr3eO+vJNZS/LTZPtIjwB3G5xfafivZHVb6yc9\nTr6j/e+3tsg69kW8GfNbNmeoVeEUqxHK0qFmR3IbGrzvhWJT9q3XgVo7Q6/lSL6c\nvyjVAT3/jHxiPsEUcgwg6S/1c5XAW58N9C3+tb/RDLNt1TYbcwmNxT0HW/RdvmOC\nG7W6jgSSuZFspYoHzZWASvTQs0mdLpkXB4n+hLBLh9YLI4VhRwNxACgMt9DBV3yd\nU9zzAoIBAGgdM/a54Pxpvuw7Vv/pbZXIATSJdUrkUGSXtBmQEfvRqAHiGhC32mvA\nsJP0r3oFflBtLa5sEgL4YcYxIJ1RvHE+CSruO5nvDrQ3eMtO4jFxZuHeyU7fReEV\n5VLOn0w2FEFzeFiagcKX4vDuk4ypptJ5PVcJSl9NPDicbWYE4jKVIAz0Pt1ZBi5d\nU+Irz8rrdiIGMT3NRLQv9xEVwamL7TEnRK+LOLwV+MZ2ZWUpstO52H389vBGSLHC\nfKV/wGYf6z5KVl4TID8Mng+H+NapsQ4LlCCYSuLFDi1frBXkFV9Odl1//xewZSSt\n/6hxe2cdfrfoLsM4JhOm2/SY3mPxKiECggEBAIcapy+BuYUlQlgGn6/Ou8h6zoDU\nar4IdI6SXQTS1lHo4niK77xgnNHm8puEfpaaUtVHP+Dl7s0qGzTsJAIb6vXXXRKS\nkHScrw8019/a4scb7K9i97gwHNRY35sIuPgsKNkfZyy4z7lCF98YXQ1e3nEASUMj\ns5mAPUFvwxcAIHRt9rXN2NlClpZ1znX/FTraQVCgisv0uok84XzmtyRmaxR4x0Ek\nLoGC+HUZR7mHfwQPFmUdvWDs94NgHOCmLsslbusIh0tltFfXdjXkFoRAqNYF+Tl5\nJkkhnm2oldsy66tgCA1cIWp/GQ9WhfCR0gYj6vy5BD1npdz8T1TXdNEV1uM=\n-----END RSA PRIVATE KEY-----\n",
            "private_key_pem_pkcs8": "-----BEGIN PRIVATE KEY-----\nMIIJQgIBADANBgkqhkiG9w0BAQEFAASCCSwwggkoAgEAAoICAQDKHeNLPUxcAemF\n7KRlDBmHFptO/XXWOLsszMvy0MVkDhY9/WZ0sEgvOKjOBcu9JFiJoJ/zDLoVOlei\nw6Q0AiZ7cfrWgklNlWORvli5JwBUpaZa/xJZ2u1+TaWtwsvan8A2iTc6tqj115Fz\nukZ1usJ4hk2B/tgvEUhsm8R8ehIT8BeAQnBQK4agu7ayii9iq2QQcC7C/CQQiwBC\nBdZWIpsC+C2Cz3M4/nsU1hnt2dMoQ9itxT48K3M/qp+D8OvY75sxikX8gpSNn+OS\nbyebWaC+96msQQ4D/DC8000L6J+Uz8HaKb3oZH6HVQrCsOS5ECH0u67XvBd9Rkk+\nW0DiNqZHGcq0oU+o7SX3LjQ4Un8/W6HTjjT+Rk7spZtyiglxSnjdJWdGlocI8IC5\nt+VoUTiyVQkrHhODhnFZ3onraCtPcbHD5mfpS41VHHz4Io2w2/vpybXayxcppJ07\n3GR2UJzQTUA2z7n+MiS0A78YxyU/aO5KXDf/eurXKrqx4GSg2RJ50MGQaAzlINzY\n1KTwJ0TSegZUrG9J4oQOlJL8XZM9dUDHEugpP3jfrDv68foNl9BHCXcChNicszxE\nfalFVkome2GctwJv662wSTkCTho7wpYXr4yaQGGY1/kMX3fUnRqNlAFxblnaXMcV\njfpuUtB99Cbzuyv1EbtS4Sn+FujP9wIDAQABAoICAFnWUxM8WdaDmxLGDoRDjo03\nBS1lB52CdeAB3508IqDIiiZfncy8Fjm3C4EXnmmh4CC8Xpwfyg5pck6Me04KrqQs\nE3yJSJ/NiQZc/v69US5OutSzj6qU3v9G8B99+DJi04LqFrxoOE2d1a8E2xC1RH9h\n4s2nQtwY6IIt8nYJpENscmW2IkngLuT+ysQtG8bVu5J66q4MeNNJlYHDKnP6yb/W\nJBSCtQpeQsMOL1RDf9Hj5knG5FTGU2G3K1PwIES6q9anSVhlijYxHWwXMBmjCwoW\n9znzaJFo5RjpKtPiQBxbBCU+bIUBNiRdLn0/N0ry2sT3L04A8sfiF+g5k2t5MwqY\ngkayvUckOhYpzpk3GADZaJH/kVdKvuHwXh4+u4vtZwaxyqiFmyhvZ4o8+exA9Rrb\nWziKhTM3abm77qsIMCIulSgkqmBAGO0v3v1idMF9IX3ymtz/FiN3T0zSWR4ytX9v\nuPjWMaf2Gc80l+StevTYi6ccka8WVNl/pw4flaluXlv8KQsRQ/42nCDh4ORwzVca\n/HxtdzbZ4OfItUFh3T4Bkm7mYPtY2L9OKhnlddz1VQ8M4taPd9PeAoXn3zbZhST8\ncJXEiuUD8HjWbMCoWCHlugV/Ec01CkpzxiBi17nVC2nc4vFSlLc7a5RoE4Y69p0X\nF/VY0zvSiP7S69VgXmGBAoIBAQDRByTM7v/FtsVT/EgGrM3Dokiya7MVoluAzTj2\nQhJzXw3SlLvb1j9dyVz2byWPWdl11HhpfraiSh8ZMCkiy19e0PcY7Zn7nnNtOjz7\nRyklhM4GOPn8mAiYO4lZnuThT3N2cWWdPsEwx4c2VsbftJD2W0gpycdl/eXp1HuW\nBIMNDxY9ZRVnobxSBIttpWdph85CVqlGFGLcrgEDwDrf9cBzqARWX5tlUHOCADp5\neOw0hm5L2eHVxiZiMfREGWnsh3vQEbwlNwlSu8xHhHdWdEGLecrVQOp3x6JzeTwH\nLn0m6BgH9DYgHQ36Obymri+LYqpd+aon3ibFprsjPMOkKReXAoIBAQD3iSmYsDrm\n2RJJQme6+2EuvQVh3WA+8c/YZolU1u/1x+KvfaUt7JT2SWPaHsW2EJcG1wRQl2vq\nvHFmu8Gc9xdnRKUiYnxbOXJmyqxgZcOLM4ANuSssOLIX8K4VrPlUjbngsyWkNr3l\nI2hUfWsCNlMyAwaf0abUlDfjedaL3e/RHLsi+AVKNmZR7TSDnVCEWndthrjCH+DP\nCP4IFmOR+xDsAlH+kaS89nOXflAk18u+xfw6VjY61gpYpb334wEtpjTAvcxPxZY9\nW96RU1GAI7v6ggWEpvDYDjMVUAWywErsSCh0VYV/7PNVQdu1wCilZMqyD7hVupAU\nLiwI2VjIhhahAoIBACXMX+g7E79iBJ7iUPf8CZ1l3DV/ajvwRxGsiq9lVUbNmodI\n5Aul24GPJyNdB/K7MaqwCDIzer0wIB2C6v1iv1U6/mPgm2a3yXGoBVz/Cj7BnCvd\n4768k1lL8tNk+0iPAHcbnF9p+K9kdVvrJz1OvqP977e2yDr2RbwZ81s2Z6hV4RSr\nEcrSoWZHchsavO+FYlP2rdeBWjtDr+VIvpy/KNUBPf+MfGI+wRRyDCDpL/VzlcBb\nnw30Lf61v9EMs23VNhtzCY3FPQdb9F2+Y4IbtbqOBJK5kWyligfNlYBK9NCzSZ0u\nmRcHif6EsEuH1gsjhWFHA3EAKAy30MFXfJ1T3PMCggEAaB0z9rng/Gm+7DtW/+lt\nlcgBNIl1SuRQZJe0GZAR+9GoAeIaELfaa8Cwk/SvegV+UG0trmwSAvhhxjEgnVG8\ncT4JKu47me8OtDd4y07iMXFm4d7JTt9F4RXlUs6fTDYUQXN4WJqBwpfi8O6TjKmm\n0nk9VwlKX008OJxtZgTiMpUgDPQ+3VkGLl1T4ivPyut2IgYxPc1EtC/3ERXBqYvt\nMSdEr4s4vBX4xnZlZSmy07nYffz28EZIscJ8pX/AZh/rPkpWXhMgPwyeD4f41qmx\nDguUIJhK4sUOLV+sFeQVX052XX//F7BlJK3/qHF7Zx1+t+guwzgmE6bb9JjeY/Eq\nIQKCAQEAhxqnL4G5hSVCWAafr867yHrOgNRqvgh0jpJdBNLWUejieIrvvGCc0eby\nm4R+lppS1Uc/4OXuzSobNOwkAhvq9dddEpKQdJyvDzTX39rixxvsr2L3uDAc1Fjf\nmwi4+Cwo2R9nLLjPuUIX3xhdDV7ecQBJQyOzmYA9QW/DFwAgdG32tc3Y2UKWlnXO\ndf8VOtpBUKCKy/S6iTzhfOa3JGZrFHjHQSQugYL4dRlHuYd/BA8WZR29YOz3g2Ac\n4KYuyyVu6wiHS2W0V9d2NeQWhECo1gX5OXkmSSGebaiV2zLrq2AIDVwhan8ZD1aF\n8JHSBiPq/LkEPWel3PxPVNd00RXW4w==\n-----END PRIVATE KEY-----\n",
            "public_key_fingerprint_md5": "c3:2e:d0:87:74:62:ba:f3:3e:8a:cf:ff:24:75:77:ba",
            "public_key_fingerprint_sha256": "SHA256:g4S+zU/BIiPmUtPXZeJ1AqBsEraBF+R5gYa7DQZf8QQ",
            "public_key_openssh": "ssh-rsa AAAAB3NzaC1yc2EAAAADAQABAAACAQDKHeNLPUxcAemF7KRlDBmHFptO/XXWOLsszMvy0MVkDhY9/WZ0sEgvOKjOBcu9JFiJoJ/zDLoVOleiw6Q0AiZ7cfrWgklNlWORvli5JwBUpaZa/xJZ2u1+TaWtwsvan8A2iTc6tqj115FzukZ1usJ4hk2B/tgvEUhsm8R8ehIT8BeAQnBQK4agu7ayii9iq2QQcC7C/CQQiwBCBdZWIpsC+C2Cz3M4/nsU1hnt2dMoQ9itxT48K3M/qp+D8OvY75sxikX8gpSNn+OSbyebWaC+96msQQ4D/DC8000L6J+Uz8HaKb3oZH6HVQrCsOS5ECH0u67XvBd9Rkk+W0DiNqZHGcq0oU+o7SX3LjQ4Un8/W6HTjjT+Rk7spZtyiglxSnjdJWdGlocI8IC5t+VoUTiyVQkrHhODhnFZ3onraCtPcbHD5mfpS41VHHz4Io2w2/vpybXayxcppJ073GR2UJzQTUA2z7n+MiS0A78YxyU/aO5KXDf/eurXKrqx4GSg2RJ50MGQaAzlINzY1KTwJ0TSegZUrG9J4oQOlJL8XZM9dUDHEugpP3jfrDv68foNl9BHCXcChNicszxEfalFVkome2GctwJv662wSTkCTho7wpYXr4yaQGGY1/kMX3fUnRqNlAFxblnaXMcVjfpuUtB99Cbzuyv1EbtS4Sn+FujP9w==\n",
            "public_key_pem": "-----BEGIN PUBLIC KEY-----\nMIICIjANBgkqhkiG9w0BAQEFAAOCAg8AMIICCgKCAgEAyh3jSz1MXAHpheykZQwZ\nhxabTv111ji7LMzL8tDFZA4WPf1mdLBILziozgXLvSRYiaCf8wy6FTpXosOkNAIm\ne3H61oJJTZVjkb5YuScAVKWmWv8SWdrtfk2lrcLL2p/ANok3Orao9deRc7pGdbrC\neIZNgf7YLxFIbJvEfHoSE/AXgEJwUCuGoLu2soovYqtkEHAuwvwkEIsAQgXWViKb\nAvgtgs9zOP57FNYZ7dnTKEPYrcU+PCtzP6qfg/Dr2O+bMYpF/IKUjZ/jkm8nm1mg\nvveprEEOA/wwvNNNC+iflM/B2im96GR+h1UKwrDkuRAh9Luu17wXfUZJPltA4jam\nRxnKtKFPqO0l9y40OFJ/P1uh0440/kZO7KWbcooJcUp43SVnRpaHCPCAubflaFE4\nslUJKx4Tg4ZxWd6J62grT3Gxw+Zn6UuNVRx8+CKNsNv76cm12ssXKaSdO9xkdlCc\n0E1ANs+5/jIktAO/GMclP2juSlw3/3rq1yq6seBkoNkSedDBkGgM5SDc2NSk8CdE\n0noGVKxvSeKEDpSS/F2TPXVAxxLoKT9436w7+vH6DZfQRwl3AoTYnLM8RH2pRVZK\nJnthnLcCb+utsEk5Ak4aO8KWF6+MmkBhmNf5DF931J0ajZQBcW5Z2lzHFY36blLQ\nffQm87sr9RG7UuEp/hboz/cCAwEAAQ==\n-----END PUBLIC KEY-----\n",
            "rsa_bits": 4096
          },
          "sensitive_attributes": []
        }
      ]
    }
  ]
}
